// !$*UTF8*$!
{
	archiveVersion = 1;
	classes = {
	};
	objectVersion = 45;
	objects = {

/* Begin PBXBuildFile section */
		2672CB061042DF27008D2134 /* b2Physics.mm in Sources */ = {isa = PBXBuildFile; fileRef = 2672CB051042DF27008D2134 /* b2Physics.mm */; };
		2672CB261042F47F008D2134 /* InteractiveObject.m in Sources */ = {isa = PBXBuildFile; fileRef = 2672CB251042F47F008D2134 /* InteractiveObject.m */; };
		2672CBF610430373008D2134 /* Logger.m in Sources */ = {isa = PBXBuildFile; fileRef = 2672CBF510430373008D2134 /* Logger.m */; };
		26DD076510514605003BD174 /* LineConnect.mm in Sources */ = {isa = PBXBuildFile; fileRef = 26DD076410514605003BD174 /* LineConnect.mm */; };
		8D11072B0486CEB800E47090 /* InfoPlist.strings in Resources */ = {isa = PBXBuildFile; fileRef = 089C165CFE840E0CC02AAC07 /* InfoPlist.strings */; };
		8D11072D0486CEB800E47090 /* main.m in Sources */ = {isa = PBXBuildFile; fileRef = 29B97316FDCFA39411CA2CEA /* main.m */; settings = {ATTRIBUTES = (); }; };
		8D11072F0486CEB800E47090 /* Cocoa.framework in Frameworks */ = {isa = PBXBuildFile; fileRef = 1058C7A1FEA54F0111CA2CBB /* Cocoa.framework */; };
		F50DB3F7100E17D20048A89C /* OpenGL.framework in Frameworks */ = {isa = PBXBuildFile; fileRef = F50DB3F6100E17D20048A89C /* OpenGL.framework */; };
		F51B8F5610A3402E00D3F0C5 /* PointObj.m in Sources */ = {isa = PBXBuildFile; fileRef = F51B8F5510A3402E00D3F0C5 /* PointObj.m */; };
		F51D4FC710791F2500069EC0 /* ClusteredInteractor.m in Sources */ = {isa = PBXBuildFile; fileRef = F51D4FC610791F2500069EC0 /* ClusteredInteractor.m */; };
		F51D638F106A445200D61750 /* TUIOppListener.mm in Sources */ = {isa = PBXBuildFile; fileRef = F51D638E106A445200D61750 /* TUIOppListener.mm */; };
		F51D63C0106A48BC00D61750 /* TuioClient.cpp in Sources */ = {isa = PBXBuildFile; fileRef = F51D63B5106A48BC00D61750 /* TuioClient.cpp */; };
		F51D63C1106A48BC00D61750 /* TuioServer.cpp in Sources */ = {isa = PBXBuildFile; fileRef = F51D63BC106A48BC00D61750 /* TuioServer.cpp */; };
		F51D63C2106A48BC00D61750 /* TuioTime.cpp in Sources */ = {isa = PBXBuildFile; fileRef = F51D63BE106A48BC00D61750 /* TuioTime.cpp */; };
		F51D63D1106A48D900D61750 /* OscOutboundPacketStream.cpp in Sources */ = {isa = PBXBuildFile; fileRef = F51D63C8106A48D900D61750 /* OscOutboundPacketStream.cpp */; };
		F51D63D2106A48D900D61750 /* OscPrintReceivedElements.cpp in Sources */ = {isa = PBXBuildFile; fileRef = F51D63CB106A48D900D61750 /* OscPrintReceivedElements.cpp */; };
		F51D63D3106A48D900D61750 /* OscReceivedElements.cpp in Sources */ = {isa = PBXBuildFile; fileRef = F51D63CD106A48D900D61750 /* OscReceivedElements.cpp */; };
		F51D63D4106A48D900D61750 /* OscTypes.cpp in Sources */ = {isa = PBXBuildFile; fileRef = F51D63CF106A48D900D61750 /* OscTypes.cpp */; };
		F51D63DC106A48EE00D61750 /* IpEndpointName.cpp in Sources */ = {isa = PBXBuildFile; fileRef = F51D63D6106A48EE00D61750 /* IpEndpointName.cpp */; };
		F51D63E1106A491300D61750 /* NetworkingUtils.cpp in Sources */ = {isa = PBXBuildFile; fileRef = F51D63DF106A491300D61750 /* NetworkingUtils.cpp */; };
		F51D63E2106A491300D61750 /* UdpSocket.cpp in Sources */ = {isa = PBXBuildFile; fileRef = F51D63E0106A491300D61750 /* UdpSocket.cpp */; };
		F52B10EB10524F4F005807E4 /* MainMenu.xib in Resources */ = {isa = PBXBuildFile; fileRef = F52B10E910524F4F005807E4 /* MainMenu.xib */; };
		F5435718104E5609004A914C /* TuioMultiplexor.m in Sources */ = {isa = PBXBuildFile; fileRef = F5435717104E5609004A914C /* TuioMultiplexor.m */; };
		F54994C410A21F18005F1C97 /* BaseTouchEffect.m in Sources */ = {isa = PBXBuildFile; fileRef = F54994C310A21F18005F1C97 /* BaseTouchEffect.m */; };
		F54994D110A24A1C005F1C97 /* TouchSwap.mm in Sources */ = {isa = PBXBuildFile; fileRef = F54994D010A24A1C005F1C97 /* TouchSwap.mm */; };
		F54E562B105E681B00462480 /* TextCircle.mm in Sources */ = {isa = PBXBuildFile; fileRef = F54E562A105E681B00462480 /* TextCircle.mm */; };
		F5608B821030D0D1009F9EBC /* Sparkles.m in Sources */ = {isa = PBXBuildFile; fileRef = F5608B811030D0D1009F9EBC /* Sparkles.m */; };
		F5608B8A1030D925009F9EBC /* SparklingFactory.m in Sources */ = {isa = PBXBuildFile; fileRef = F5608B891030D925009F9EBC /* SparklingFactory.m */; };
		F56EC0841078F1CA00CD0DF3 /* Ripples.m in Sources */ = {isa = PBXBuildFile; fileRef = F56EC0831078F1CA00CD0DF3 /* Ripples.m */; };
		F588D768105BB63400C02B35 /* Sparkle.m in Sources */ = {isa = PBXBuildFile; fileRef = F588D767105BB63400C02B35 /* Sparkle.m */; };
		F58A804A100F043500E6DD83 /* EffectProvider.mm in Sources */ = {isa = PBXBuildFile; fileRef = F58A8049100F043500E6DD83 /* EffectProvider.mm */; };
		F58A804F100F057F00E6DD83 /* TouchEvent.m in Sources */ = {isa = PBXBuildFile; fileRef = F58A804E100F057F00E6DD83 /* TouchEvent.m */; };
		F58DF39E1022FE5000C2ABE7 /* Stars.m in Sources */ = {isa = PBXBuildFile; fileRef = F58DF39D1022FE5000C2ABE7 /* Stars.m */; };
		F58F33AB100E5DB2004DE697 /* MyOpenGlView.m in Sources */ = {isa = PBXBuildFile; fileRef = F58F33AA100E5DB2004DE697 /* MyOpenGlView.m */; };
		F5A0DE88107D31A800A7F5E8 /* BasePicture.m in Sources */ = {isa = PBXBuildFile; fileRef = F5A0DE87107D31A800A7F5E8 /* BasePicture.m */; };
		F5A0DEC8107D384300A7F5E8 /* PictureGallery.m in Sources */ = {isa = PBXBuildFile; fileRef = F5A0DEC7107D384300A7F5E8 /* PictureGallery.m */; };
		F5A5E687101CFE3000886EAD /* btPhysics.mm in Sources */ = {isa = PBXBuildFile; fileRef = F5A5E686101CFE3000886EAD /* btPhysics.mm */; };
		F5AFE003102856BD00490E97 /* TargettingInteractor.m in Sources */ = {isa = PBXBuildFile; fileRef = F5AFE002102856BD00490E97 /* TargettingInteractor.m */; };
		F5C9AA06108F70180022BF0A /* ElasticValuator.m in Sources */ = {isa = PBXBuildFile; fileRef = F5C9AA05108F70180022BF0A /* ElasticValuator.m */; };
		F5D105391092F5B0005F0970 /* Render.cpp in Sources */ = {isa = PBXBuildFile; fileRef = F5D105371092F5B0005F0970 /* Render.cpp */; };
		F5D105491092F5F7005F0970 /* GLUT.framework in Frameworks */ = {isa = PBXBuildFile; fileRef = F5D105481092F5F7005F0970 /* GLUT.framework */; };
		F5DDC51B1065648000D81BB0 /* LabeledInteractor.m in Sources */ = {isa = PBXBuildFile; fileRef = F5DDC51A1065648000D81BB0 /* LabeledInteractor.m */; };
		F5EBF67510ADD87900892A56 /* TouchTrail.m in Sources */ = {isa = PBXBuildFile; fileRef = F5EBF67410ADD87900892A56 /* TouchTrail.m */; };
		F5F00B45108FFD8E009D7FBB /* InteractiveImages.mm in Sources */ = {isa = PBXBuildFile; fileRef = F5F00B44108FFD8E009D7FBB /* InteractiveImages.mm */; };
		F5F5A36F1047581800A83EE2 /* libBox2D.dylib in Frameworks */ = {isa = PBXBuildFile; fileRef = F5F5A36E1047581800A83EE2 /* libBox2D.dylib */; };
		F5F5A3D41047581800A83EE2 /* b2ContactDetector.mm in Sources */ = {isa = PBXBuildFile; fileRef = F5F5A3D31047581800A83EE2 /* b2ContactDetector.mm */; };
		F5FAB5451034B35800B4CCF4 /* SineConnect.mm in Sources */ = {isa = PBXBuildFile; fileRef = F5FAB5441034B35800B4CCF4 /* SineConnect.mm */; };
/* End PBXBuildFile section */

/* Begin PBXFileReference section */
		089C165DFE840E0CC02AAC07 /* English */ = {isa = PBXFileReference; fileEncoding = 4; lastKnownFileType = text.plist.strings; name = English; path = English.lproj/InfoPlist.strings; sourceTree = "<group>"; };
		1058C7A1FEA54F0111CA2CBB /* Cocoa.framework */ = {isa = PBXFileReference; lastKnownFileType = wrapper.framework; name = Cocoa.framework; path = /System/Library/Frameworks/Cocoa.framework; sourceTree = "<absolute>"; };
		13E42FB307B3F0F600E4EEF1 /* CoreData.framework */ = {isa = PBXFileReference; lastKnownFileType = wrapper.framework; name = CoreData.framework; path = /System/Library/Frameworks/CoreData.framework; sourceTree = "<absolute>"; };
		256AC3F00F4B6AF500CF3369 /* Finger_Prefix.pch */ = {isa = PBXFileReference; fileEncoding = 4; lastKnownFileType = sourcecode.c.h; path = Finger_Prefix.pch; sourceTree = "<group>"; };
		2672CB041042DF27008D2134 /* b2Physics.h */ = {isa = PBXFileReference; fileEncoding = 4; lastKnownFileType = sourcecode.c.h; path = b2Physics.h; sourceTree = "<group>"; };
		2672CB051042DF27008D2134 /* b2Physics.mm */ = {isa = PBXFileReference; fileEncoding = 4; lastKnownFileType = sourcecode.cpp.objcpp; path = b2Physics.mm; sourceTree = "<group>"; };
		2672CB241042F47F008D2134 /* InteractiveObject.h */ = {isa = PBXFileReference; fileEncoding = 4; lastKnownFileType = sourcecode.c.h; path = InteractiveObject.h; sourceTree = "<group>"; };
		2672CB251042F47F008D2134 /* InteractiveObject.m */ = {isa = PBXFileReference; fileEncoding = 4; lastKnownFileType = sourcecode.c.objc; path = InteractiveObject.m; sourceTree = "<group>"; };
		2672CBF410430373008D2134 /* Logger.h */ = {isa = PBXFileReference; fileEncoding = 4; lastKnownFileType = sourcecode.c.h; path = Logger.h; sourceTree = "<group>"; };
		2672CBF510430373008D2134 /* Logger.m */ = {isa = PBXFileReference; fileEncoding = 4; lastKnownFileType = sourcecode.c.objc; path = Logger.m; sourceTree = "<group>"; };
		26DD076310514605003BD174 /* LineConnect.h */ = {isa = PBXFileReference; fileEncoding = 4; lastKnownFileType = sourcecode.c.h; path = LineConnect.h; sourceTree = "<group>"; };
		26DD076410514605003BD174 /* LineConnect.mm */ = {isa = PBXFileReference; fileEncoding = 4; lastKnownFileType = sourcecode.cpp.objcpp; path = LineConnect.mm; sourceTree = "<group>"; };
		29B97316FDCFA39411CA2CEA /* main.m */ = {isa = PBXFileReference; fileEncoding = 4; lastKnownFileType = sourcecode.c.objc; path = main.m; sourceTree = "<group>"; };
		29B97324FDCFA39411CA2CEA /* AppKit.framework */ = {isa = PBXFileReference; lastKnownFileType = wrapper.framework; name = AppKit.framework; path = /System/Library/Frameworks/AppKit.framework; sourceTree = "<absolute>"; };
		29B97325FDCFA39411CA2CEA /* Foundation.framework */ = {isa = PBXFileReference; lastKnownFileType = wrapper.framework; name = Foundation.framework; path = /System/Library/Frameworks/Foundation.framework; sourceTree = "<absolute>"; };
		8D1107310486CEB800E47090 /* Finger-Info.plist */ = {isa = PBXFileReference; fileEncoding = 4; lastKnownFileType = text.plist.xml; path = "Finger-Info.plist"; sourceTree = "<group>"; };
		8D1107320486CEB800E47090 /* Finger.app */ = {isa = PBXFileReference; explicitFileType = wrapper.application; includeInIndex = 0; path = Finger.app; sourceTree = BUILT_PRODUCTS_DIR; };
		F50DB3F6100E17D20048A89C /* OpenGL.framework */ = {isa = PBXFileReference; lastKnownFileType = wrapper.framework; name = OpenGL.framework; path = /System/Library/Frameworks/OpenGL.framework; sourceTree = "<absolute>"; };
		F51B8F5410A3402E00D3F0C5 /* PointObj.h */ = {isa = PBXFileReference; fileEncoding = 4; lastKnownFileType = sourcecode.c.h; path = PointObj.h; sourceTree = "<group>"; };
		F51B8F5510A3402E00D3F0C5 /* PointObj.m */ = {isa = PBXFileReference; fileEncoding = 4; lastKnownFileType = sourcecode.c.objc; path = PointObj.m; sourceTree = "<group>"; };
		F51D4FC510791F2500069EC0 /* ClusteredInteractor.h */ = {isa = PBXFileReference; fileEncoding = 4; lastKnownFileType = sourcecode.c.h; path = ClusteredInteractor.h; sourceTree = "<group>"; };
		F51D4FC610791F2500069EC0 /* ClusteredInteractor.m */ = {isa = PBXFileReference; fileEncoding = 4; lastKnownFileType = sourcecode.c.objc; path = ClusteredInteractor.m; sourceTree = "<group>"; };
		F51D638D106A445200D61750 /* TUIOppListener.h */ = {isa = PBXFileReference; fileEncoding = 4; lastKnownFileType = sourcecode.c.h; path = TUIOppListener.h; sourceTree = "<group>"; };
		F51D638E106A445200D61750 /* TUIOppListener.mm */ = {isa = PBXFileReference; fileEncoding = 4; lastKnownFileType = sourcecode.cpp.objcpp; path = TUIOppListener.mm; sourceTree = "<group>"; };
		F51D63B5106A48BC00D61750 /* TuioClient.cpp */ = {isa = PBXFileReference; fileEncoding = 4; lastKnownFileType = sourcecode.cpp.cpp; name = TuioClient.cpp; path = tuio/TuioClient.cpp; sourceTree = "<group>"; };
		F51D63B6106A48BC00D61750 /* TuioClient.h */ = {isa = PBXFileReference; fileEncoding = 4; lastKnownFileType = sourcecode.c.h; name = TuioClient.h; path = tuio/TuioClient.h; sourceTree = "<group>"; };
		F51D63B7106A48BC00D61750 /* TuioContainer.h */ = {isa = PBXFileReference; fileEncoding = 4; lastKnownFileType = sourcecode.c.h; name = TuioContainer.h; path = tuio/TuioContainer.h; sourceTree = "<group>"; };
		F51D63B8106A48BC00D61750 /* TuioCursor.h */ = {isa = PBXFileReference; fileEncoding = 4; lastKnownFileType = sourcecode.c.h; name = TuioCursor.h; path = tuio/TuioCursor.h; sourceTree = "<group>"; };
		F51D63B9106A48BC00D61750 /* TuioListener.h */ = {isa = PBXFileReference; fileEncoding = 4; lastKnownFileType = sourcecode.c.h; name = TuioListener.h; path = tuio/TuioListener.h; sourceTree = "<group>"; };
		F51D63BA106A48BC00D61750 /* TuioObject.h */ = {isa = PBXFileReference; fileEncoding = 4; lastKnownFileType = sourcecode.c.h; name = TuioObject.h; path = tuio/TuioObject.h; sourceTree = "<group>"; };
		F51D63BB106A48BC00D61750 /* TuioPoint.h */ = {isa = PBXFileReference; fileEncoding = 4; lastKnownFileType = sourcecode.c.h; name = TuioPoint.h; path = tuio/TuioPoint.h; sourceTree = "<group>"; };
		F51D63BC106A48BC00D61750 /* TuioServer.cpp */ = {isa = PBXFileReference; fileEncoding = 4; lastKnownFileType = sourcecode.cpp.cpp; name = TuioServer.cpp; path = tuio/TuioServer.cpp; sourceTree = "<group>"; };
		F51D63BD106A48BC00D61750 /* TuioServer.h */ = {isa = PBXFileReference; fileEncoding = 4; lastKnownFileType = sourcecode.c.h; name = TuioServer.h; path = tuio/TuioServer.h; sourceTree = "<group>"; };
		F51D63BE106A48BC00D61750 /* TuioTime.cpp */ = {isa = PBXFileReference; fileEncoding = 4; lastKnownFileType = sourcecode.cpp.cpp; name = TuioTime.cpp; path = tuio/TuioTime.cpp; sourceTree = "<group>"; };
		F51D63BF106A48BC00D61750 /* TuioTime.h */ = {isa = PBXFileReference; fileEncoding = 4; lastKnownFileType = sourcecode.c.h; name = TuioTime.h; path = tuio/TuioTime.h; sourceTree = "<group>"; };
		F51D63C5106A48D900D61750 /* MessageMappingOscPacketListener.h */ = {isa = PBXFileReference; fileEncoding = 4; lastKnownFileType = sourcecode.c.h; name = MessageMappingOscPacketListener.h; path = tuio/osc/MessageMappingOscPacketListener.h; sourceTree = "<group>"; };
		F51D63C6106A48D900D61750 /* OscException.h */ = {isa = PBXFileReference; fileEncoding = 4; lastKnownFileType = sourcecode.c.h; name = OscException.h; path = tuio/osc/OscException.h; sourceTree = "<group>"; };
		F51D63C7106A48D900D61750 /* OscHostEndianness.h */ = {isa = PBXFileReference; fileEncoding = 4; lastKnownFileType = sourcecode.c.h; name = OscHostEndianness.h; path = tuio/osc/OscHostEndianness.h; sourceTree = "<group>"; };
		F51D63C8106A48D900D61750 /* OscOutboundPacketStream.cpp */ = {isa = PBXFileReference; fileEncoding = 4; lastKnownFileType = sourcecode.cpp.cpp; name = OscOutboundPacketStream.cpp; path = tuio/osc/OscOutboundPacketStream.cpp; sourceTree = "<group>"; };
		F51D63C9106A48D900D61750 /* OscOutboundPacketStream.h */ = {isa = PBXFileReference; fileEncoding = 4; lastKnownFileType = sourcecode.c.h; name = OscOutboundPacketStream.h; path = tuio/osc/OscOutboundPacketStream.h; sourceTree = "<group>"; };
		F51D63CA106A48D900D61750 /* OscPacketListener.h */ = {isa = PBXFileReference; fileEncoding = 4; lastKnownFileType = sourcecode.c.h; name = OscPacketListener.h; path = tuio/osc/OscPacketListener.h; sourceTree = "<group>"; };
		F51D63CB106A48D900D61750 /* OscPrintReceivedElements.cpp */ = {isa = PBXFileReference; fileEncoding = 4; lastKnownFileType = sourcecode.cpp.cpp; name = OscPrintReceivedElements.cpp; path = tuio/osc/OscPrintReceivedElements.cpp; sourceTree = "<group>"; };
		F51D63CC106A48D900D61750 /* OscPrintReceivedElements.h */ = {isa = PBXFileReference; fileEncoding = 4; lastKnownFileType = sourcecode.c.h; name = OscPrintReceivedElements.h; path = tuio/osc/OscPrintReceivedElements.h; sourceTree = "<group>"; };
		F51D63CD106A48D900D61750 /* OscReceivedElements.cpp */ = {isa = PBXFileReference; fileEncoding = 4; lastKnownFileType = sourcecode.cpp.cpp; name = OscReceivedElements.cpp; path = tuio/osc/OscReceivedElements.cpp; sourceTree = "<group>"; };
		F51D63CE106A48D900D61750 /* OscReceivedElements.h */ = {isa = PBXFileReference; fileEncoding = 4; lastKnownFileType = sourcecode.c.h; name = OscReceivedElements.h; path = tuio/osc/OscReceivedElements.h; sourceTree = "<group>"; };
		F51D63CF106A48D900D61750 /* OscTypes.cpp */ = {isa = PBXFileReference; fileEncoding = 4; lastKnownFileType = sourcecode.cpp.cpp; name = OscTypes.cpp; path = tuio/osc/OscTypes.cpp; sourceTree = "<group>"; };
		F51D63D0106A48D900D61750 /* OscTypes.h */ = {isa = PBXFileReference; fileEncoding = 4; lastKnownFileType = sourcecode.c.h; name = OscTypes.h; path = tuio/osc/OscTypes.h; sourceTree = "<group>"; };
		F51D63D6106A48EE00D61750 /* IpEndpointName.cpp */ = {isa = PBXFileReference; fileEncoding = 4; lastKnownFileType = sourcecode.cpp.cpp; name = IpEndpointName.cpp; path = tuio/ip/IpEndpointName.cpp; sourceTree = "<group>"; };
		F51D63D7106A48EE00D61750 /* IpEndpointName.h */ = {isa = PBXFileReference; fileEncoding = 4; lastKnownFileType = sourcecode.c.h; name = IpEndpointName.h; path = tuio/ip/IpEndpointName.h; sourceTree = "<group>"; };
		F51D63D8106A48EE00D61750 /* NetworkingUtils.h */ = {isa = PBXFileReference; fileEncoding = 4; lastKnownFileType = sourcecode.c.h; name = NetworkingUtils.h; path = tuio/ip/NetworkingUtils.h; sourceTree = "<group>"; };
		F51D63D9106A48EE00D61750 /* PacketListener.h */ = {isa = PBXFileReference; fileEncoding = 4; lastKnownFileType = sourcecode.c.h; name = PacketListener.h; path = tuio/ip/PacketListener.h; sourceTree = "<group>"; };
		F51D63DA106A48EE00D61750 /* TimerListener.h */ = {isa = PBXFileReference; fileEncoding = 4; lastKnownFileType = sourcecode.c.h; name = TimerListener.h; path = tuio/ip/TimerListener.h; sourceTree = "<group>"; };
		F51D63DB106A48EE00D61750 /* UdpSocket.h */ = {isa = PBXFileReference; fileEncoding = 4; lastKnownFileType = sourcecode.c.h; name = UdpSocket.h; path = tuio/ip/UdpSocket.h; sourceTree = "<group>"; };
		F51D63DF106A491300D61750 /* NetworkingUtils.cpp */ = {isa = PBXFileReference; fileEncoding = 4; lastKnownFileType = sourcecode.cpp.cpp; name = NetworkingUtils.cpp; path = tuio/ip/posix/NetworkingUtils.cpp; sourceTree = "<group>"; };
		F51D63E0106A491300D61750 /* UdpSocket.cpp */ = {isa = PBXFileReference; fileEncoding = 4; lastKnownFileType = sourcecode.cpp.cpp; name = UdpSocket.cpp; path = tuio/ip/posix/UdpSocket.cpp; sourceTree = "<group>"; };
		F52B105410524ABF005807E4 /* ProximitySensorProtocol.h */ = {isa = PBXFileReference; fileEncoding = 4; lastKnownFileType = sourcecode.c.h; path = ProximitySensorProtocol.h; sourceTree = "<group>"; };
		F52B10EA10524F4F005807E4 /* English */ = {isa = PBXFileReference; lastKnownFileType = file.xib; name = English; path = English.lproj/MainMenu.xib; sourceTree = "<group>"; };
		F537A0F510610D6D0019A095 /* messages.h */ = {isa = PBXFileReference; fileEncoding = 4; lastKnownFileType = sourcecode.c.h; path = messages.h; sourceTree = "<group>"; };
		F537E8B1101E4BB400BFAE4D /* LiteTouchInfo.h */ = {isa = PBXFileReference; fileEncoding = 4; lastKnownFileType = sourcecode.c.h; path = LiteTouchInfo.h; sourceTree = "<group>"; };
		F53CA649101DFAB200C55747 /* EffectProviderProtocol.h */ = {isa = PBXFileReference; fileEncoding = 4; lastKnownFileType = sourcecode.c.h; path = EffectProviderProtocol.h; sourceTree = "<group>"; };
		F5435716104E5609004A914C /* TuioMultiplexor.h */ = {isa = PBXFileReference; fileEncoding = 4; lastKnownFileType = sourcecode.c.h; path = TuioMultiplexor.h; sourceTree = "<group>"; };
		F5435717104E5609004A914C /* TuioMultiplexor.m */ = {isa = PBXFileReference; fileEncoding = 4; lastKnownFileType = sourcecode.c.objc; path = TuioMultiplexor.m; sourceTree = "<group>"; };
		F54994C210A21F18005F1C97 /* BaseTouchEffect.h */ = {isa = PBXFileReference; fileEncoding = 4; lastKnownFileType = sourcecode.c.h; path = BaseTouchEffect.h; sourceTree = "<group>"; };
		F54994C310A21F18005F1C97 /* BaseTouchEffect.m */ = {isa = PBXFileReference; fileEncoding = 4; lastKnownFileType = sourcecode.c.objc; path = BaseTouchEffect.m; sourceTree = "<group>"; };
		F54994CF10A24A1C005F1C97 /* TouchSwap.h */ = {isa = PBXFileReference; fileEncoding = 4; lastKnownFileType = sourcecode.c.h; path = TouchSwap.h; sourceTree = "<group>"; };
		F54994D010A24A1C005F1C97 /* TouchSwap.mm */ = {isa = PBXFileReference; fileEncoding = 4; lastKnownFileType = sourcecode.cpp.objcpp; path = TouchSwap.mm; sourceTree = "<group>"; };
		F54E5629105E681B00462480 /* TextCircle.h */ = {isa = PBXFileReference; fileEncoding = 4; lastKnownFileType = sourcecode.c.h; path = TextCircle.h; sourceTree = "<group>"; };
		F54E562A105E681B00462480 /* TextCircle.mm */ = {isa = PBXFileReference; fileEncoding = 4; lastKnownFileType = sourcecode.cpp.objcpp; path = TextCircle.mm; sourceTree = "<group>"; };
		F5608B801030D0D1009F9EBC /* Sparkles.h */ = {isa = PBXFileReference; fileEncoding = 4; lastKnownFileType = sourcecode.c.h; path = Sparkles.h; sourceTree = "<group>"; };
		F5608B811030D0D1009F9EBC /* Sparkles.m */ = {isa = PBXFileReference; fileEncoding = 4; lastKnownFileType = sourcecode.c.objc; path = Sparkles.m; sourceTree = "<group>"; };
		F5608B881030D925009F9EBC /* SparklingFactory.h */ = {isa = PBXFileReference; fileEncoding = 4; lastKnownFileType = sourcecode.c.h; path = SparklingFactory.h; sourceTree = "<group>"; };
		F5608B891030D925009F9EBC /* SparklingFactory.m */ = {isa = PBXFileReference; fileEncoding = 4; lastKnownFileType = sourcecode.c.objc; path = SparklingFactory.m; sourceTree = "<group>"; };
		F56EC0821078F1CA00CD0DF3 /* Ripples.h */ = {isa = PBXFileReference; fileEncoding = 4; lastKnownFileType = sourcecode.c.h; path = Ripples.h; sourceTree = "<group>"; };
		F56EC0831078F1CA00CD0DF3 /* Ripples.m */ = {isa = PBXFileReference; fileEncoding = 4; lastKnownFileType = sourcecode.c.objc; path = Ripples.m; sourceTree = "<group>"; };
		F588D766105BB63400C02B35 /* Sparkle.h */ = {isa = PBXFileReference; fileEncoding = 4; lastKnownFileType = sourcecode.c.h; path = Sparkle.h; sourceTree = "<group>"; };
		F588D767105BB63400C02B35 /* Sparkle.m */ = {isa = PBXFileReference; fileEncoding = 4; lastKnownFileType = sourcecode.c.objc; path = Sparkle.m; sourceTree = "<group>"; };
		F58A8048100F043500E6DD83 /* EffectProvider.h */ = {isa = PBXFileReference; fileEncoding = 4; lastKnownFileType = sourcecode.c.h; path = EffectProvider.h; sourceTree = "<group>"; };
		F58A8049100F043500E6DD83 /* EffectProvider.mm */ = {isa = PBXFileReference; fileEncoding = 4; lastKnownFileType = sourcecode.cpp.objcpp; path = EffectProvider.mm; sourceTree = "<group>"; };
		F58A804D100F057F00E6DD83 /* TouchEvent.h */ = {isa = PBXFileReference; fileEncoding = 4; lastKnownFileType = sourcecode.c.h; path = TouchEvent.h; sourceTree = "<group>"; };
		F58A804E100F057F00E6DD83 /* TouchEvent.m */ = {isa = PBXFileReference; fileEncoding = 4; lastKnownFileType = sourcecode.c.objc; path = TouchEvent.m; sourceTree = "<group>"; };
		F58A805D100F07E800E6DD83 /* consts.h */ = {isa = PBXFileReference; fileEncoding = 4; lastKnownFileType = sourcecode.c.h; path = consts.h; sourceTree = "<group>"; };
		F58DF39C1022FE5000C2ABE7 /* Stars.h */ = {isa = PBXFileReference; fileEncoding = 4; lastKnownFileType = sourcecode.c.h; path = Stars.h; sourceTree = "<group>"; };
		F58DF39D1022FE5000C2ABE7 /* Stars.m */ = {isa = PBXFileReference; fileEncoding = 4; lastKnownFileType = sourcecode.c.objc; path = Stars.m; sourceTree = "<group>"; };
		F58F33A9100E5DB2004DE697 /* MyOpenGlView.h */ = {isa = PBXFileReference; fileEncoding = 4; lastKnownFileType = sourcecode.c.h; path = MyOpenGlView.h; sourceTree = "<group>"; };
		F58F33AA100E5DB2004DE697 /* MyOpenGlView.m */ = {isa = PBXFileReference; explicitFileType = sourcecode.c.objc; fileEncoding = 4; path = MyOpenGlView.m; sourceTree = "<group>"; };
		F5A0DE86107D31A800A7F5E8 /* BasePicture.h */ = {isa = PBXFileReference; fileEncoding = 4; lastKnownFileType = sourcecode.c.h; path = BasePicture.h; sourceTree = "<group>"; };
		F5A0DE87107D31A800A7F5E8 /* BasePicture.m */ = {isa = PBXFileReference; fileEncoding = 4; lastKnownFileType = sourcecode.c.objc; path = BasePicture.m; sourceTree = "<group>"; };
		F5A0DEA2107D352700A7F5E8 /* BasePictureProtocol.h */ = {isa = PBXFileReference; fileEncoding = 4; lastKnownFileType = sourcecode.c.h; path = BasePictureProtocol.h; sourceTree = "<group>"; };
		F5A0DEC6107D384300A7F5E8 /* PictureGallery.h */ = {isa = PBXFileReference; fileEncoding = 4; lastKnownFileType = sourcecode.c.h; path = PictureGallery.h; sourceTree = "<group>"; };
		F5A0DEC7107D384300A7F5E8 /* PictureGallery.m */ = {isa = PBXFileReference; fileEncoding = 4; lastKnownFileType = sourcecode.c.objc; path = PictureGallery.m; sourceTree = "<group>"; };
		F5A5E685101CFE3000886EAD /* btPhysics.h */ = {isa = PBXFileReference; explicitFileType = sourcecode.c.h; fileEncoding = 4; path = btPhysics.h; sourceTree = "<group>"; };
		F5A5E686101CFE3000886EAD /* btPhysics.mm */ = {isa = PBXFileReference; fileEncoding = 4; lastKnownFileType = sourcecode.cpp.objcpp; path = btPhysics.mm; sourceTree = "<group>"; };
		F5AFE001102856BD00490E97 /* TargettingInteractor.h */ = {isa = PBXFileReference; fileEncoding = 4; lastKnownFileType = sourcecode.c.h; path = TargettingInteractor.h; sourceTree = "<group>"; };
		F5AFE002102856BD00490E97 /* TargettingInteractor.m */ = {isa = PBXFileReference; fileEncoding = 4; lastKnownFileType = sourcecode.c.objc; path = TargettingInteractor.m; sourceTree = "<group>"; };
		F5C9AA04108F70180022BF0A /* ElasticValuator.h */ = {isa = PBXFileReference; fileEncoding = 4; lastKnownFileType = sourcecode.c.h; path = ElasticValuator.h; sourceTree = "<group>"; };
		F5C9AA05108F70180022BF0A /* ElasticValuator.m */ = {isa = PBXFileReference; fileEncoding = 4; lastKnownFileType = sourcecode.c.objc; path = ElasticValuator.m; sourceTree = "<group>"; };
		F5D105371092F5B0005F0970 /* Render.cpp */ = {isa = PBXFileReference; fileEncoding = 4; lastKnownFileType = sourcecode.cpp.cpp; path = Render.cpp; sourceTree = "<group>"; };
		F5D105381092F5B0005F0970 /* Render.h */ = {isa = PBXFileReference; fileEncoding = 4; lastKnownFileType = sourcecode.c.h; path = Render.h; sourceTree = "<group>"; };
		F5D105481092F5F7005F0970 /* GLUT.framework */ = {isa = PBXFileReference; lastKnownFileType = wrapper.framework; name = GLUT.framework; path = /System/Library/Frameworks/GLUT.framework; sourceTree = "<absolute>"; };
		F5DDC5191065648000D81BB0 /* LabeledInteractor.h */ = {isa = PBXFileReference; fileEncoding = 4; lastKnownFileType = sourcecode.c.h; path = LabeledInteractor.h; sourceTree = "<group>"; };
		F5DDC51A1065648000D81BB0 /* LabeledInteractor.m */ = {isa = PBXFileReference; fileEncoding = 4; lastKnownFileType = sourcecode.c.objc; path = LabeledInteractor.m; sourceTree = "<group>"; };
		F5E14BFA10ADF61100F0502D /* BaseTouchConnectionProvider.h */ = {isa = PBXFileReference; fileEncoding = 4; lastKnownFileType = sourcecode.c.h; path = BaseTouchConnectionProvider.h; sourceTree = "<group>"; };
		F5EBF67310ADD87900892A56 /* TouchTrail.h */ = {isa = PBXFileReference; fileEncoding = 4; lastKnownFileType = sourcecode.c.h; path = TouchTrail.h; sourceTree = "<group>"; };
		F5EBF67410ADD87900892A56 /* TouchTrail.m */ = {isa = PBXFileReference; fileEncoding = 4; lastKnownFileType = sourcecode.c.objc; path = TouchTrail.m; sourceTree = "<group>"; };
		F5F00B43108FFD8E009D7FBB /* InteractiveImages.h */ = {isa = PBXFileReference; fileEncoding = 4; lastKnownFileType = sourcecode.c.h; path = InteractiveImages.h; sourceTree = "<group>"; };
		F5F00B44108FFD8E009D7FBB /* InteractiveImages.mm */ = {isa = PBXFileReference; fileEncoding = 4; lastKnownFileType = sourcecode.cpp.objcpp; path = InteractiveImages.mm; sourceTree = "<group>"; };
		F5F49204106CDEB60082D81B /* Physics.h */ = {isa = PBXFileReference; fileEncoding = 4; lastKnownFileType = sourcecode.c.h; path = Physics.h; sourceTree = "<group>"; };
		F5F5A36E1047581800A83EE2 /* libBox2D.dylib */ = {isa = PBXFileReference; lastKnownFileType = "compiled.mach-o.dylib"; name = libBox2D.dylib; path = physics/libBox2D.dylib; sourceTree = "<group>"; };
		F5F5A3D21047581800A83EE2 /* b2ContactDetector.h */ = {isa = PBXFileReference; fileEncoding = 4; lastKnownFileType = sourcecode.c.h; path = b2ContactDetector.h; sourceTree = "<group>"; };
		F5F5A3D31047581800A83EE2 /* b2ContactDetector.mm */ = {isa = PBXFileReference; fileEncoding = 4; lastKnownFileType = sourcecode.cpp.objcpp; path = b2ContactDetector.mm; sourceTree = "<group>"; };
		F5FAB5431034B35800B4CCF4 /* SineConnect.h */ = {isa = PBXFileReference; fileEncoding = 4; lastKnownFileType = sourcecode.c.h; path = SineConnect.h; sourceTree = "<group>"; };
		F5FAB5441034B35800B4CCF4 /* SineConnect.mm */ = {isa = PBXFileReference; fileEncoding = 4; lastKnownFileType = sourcecode.cpp.objcpp; path = SineConnect.mm; sourceTree = "<group>"; };
/* End PBXFileReference section */

/* Begin PBXFrameworksBuildPhase section */
		8D11072E0486CEB800E47090 /* Frameworks */ = {
			isa = PBXFrameworksBuildPhase;
			buildActionMask = 2147483647;
			files = (
				8D11072F0486CEB800E47090 /* Cocoa.framework in Frameworks */,
				F50DB3F7100E17D20048A89C /* OpenGL.framework in Frameworks */,
				F5F5A36F1047581800A83EE2 /* libBox2D.dylib in Frameworks */,
				F5D105491092F5F7005F0970 /* GLUT.framework in Frameworks */,
			);
			runOnlyForDeploymentPostprocessing = 0;
		};
/* End PBXFrameworksBuildPhase section */

/* Begin PBXGroup section */
		080E96DDFE201D6D7F000001 /* Classes */ = {
			isa = PBXGroup;
			children = (
				F51D63D5106A48DB00D61750 /* IP */,
				F51D63C4106A48C700D61750 /* OSC */,
				F51D63B4106A48A300D61750 /* TUIO */,
				F53CE956101F2BAC00BAE343 /* Physics */,
				F53CE955101F2B9A00BAE343 /* Protocols */,
				F585E1311017AE3000EDA260 /* Helpers */,
				F56198A71016705600B19EF5 /* Effects */,
				F58A804E100F057F00E6DD83 /* TouchEvent.m */,
				F58A804D100F057F00E6DD83 /* TouchEvent.h */,
				F58F33A9100E5DB2004DE697 /* MyOpenGlView.h */,
				F58F33AA100E5DB2004DE697 /* MyOpenGlView.m */,
			);
			name = Classes;
			sourceTree = "<group>";
		};
		1058C7A0FEA54F0111CA2CBB /* Linked Frameworks */ = {
			isa = PBXGroup;
			children = (
				F50DB3F6100E17D20048A89C /* OpenGL.framework */,
				1058C7A1FEA54F0111CA2CBB /* Cocoa.framework */,
			);
			name = "Linked Frameworks";
			sourceTree = "<group>";
		};
		1058C7A2FEA54F0111CA2CBB /* Other Frameworks */ = {
			isa = PBXGroup;
			children = (
				29B97324FDCFA39411CA2CEA /* AppKit.framework */,
				13E42FB307B3F0F600E4EEF1 /* CoreData.framework */,
				29B97325FDCFA39411CA2CEA /* Foundation.framework */,
			);
			name = "Other Frameworks";
			sourceTree = "<group>";
		};
		19C28FACFE9D520D11CA2CBB /* Products */ = {
			isa = PBXGroup;
			children = (
				8D1107320486CEB800E47090 /* Finger.app */,
			);
			name = Products;
			sourceTree = "<group>";
		};
		29B97314FDCFA39411CA2CEA /* Finger */ = {
			isa = PBXGroup;
			children = (
				080E96DDFE201D6D7F000001 /* Classes */,
				29B97315FDCFA39411CA2CEA /* Other Sources */,
				29B97317FDCFA39411CA2CEA /* Resources */,
				29B97323FDCFA39411CA2CEA /* Frameworks */,
				19C28FACFE9D520D11CA2CBB /* Products */,
			);
			name = Finger;
			sourceTree = "<group>";
		};
		29B97315FDCFA39411CA2CEA /* Other Sources */ = {
			isa = PBXGroup;
			children = (
				F52B10E910524F4F005807E4 /* MainMenu.xib */,
				256AC3F00F4B6AF500CF3369 /* Finger_Prefix.pch */,
				29B97316FDCFA39411CA2CEA /* main.m */,
			);
			name = "Other Sources";
			sourceTree = "<group>";
		};
		29B97317FDCFA39411CA2CEA /* Resources */ = {
			isa = PBXGroup;
			children = (
				8D1107310486CEB800E47090 /* Finger-Info.plist */,
				089C165CFE840E0CC02AAC07 /* InfoPlist.strings */,
			);
			name = Resources;
			sourceTree = "<group>";
		};
		29B97323FDCFA39411CA2CEA /* Frameworks */ = {
			isa = PBXGroup;
			children = (
				F5F5A36E1047581800A83EE2 /* libBox2D.dylib */,
				1058C7A0FEA54F0111CA2CBB /* Linked Frameworks */,
				1058C7A2FEA54F0111CA2CBB /* Other Frameworks */,
				F5D105481092F5F7005F0970 /* GLUT.framework */,
			);
			name = Frameworks;
			sourceTree = "<group>";
		};
		F50AAE9A108DC7A000B7470D /* Items */ = {
			isa = PBXGroup;
			children = (
				F5AFE001102856BD00490E97 /* TargettingInteractor.h */,
				F5AFE002102856BD00490E97 /* TargettingInteractor.m */,
				2672CB241042F47F008D2134 /* InteractiveObject.h */,
				2672CB251042F47F008D2134 /* InteractiveObject.m */,
				F5DDC5191065648000D81BB0 /* LabeledInteractor.h */,
				F5DDC51A1065648000D81BB0 /* LabeledInteractor.m */,
				F51D4FC510791F2500069EC0 /* ClusteredInteractor.h */,
				F51D4FC610791F2500069EC0 /* ClusteredInteractor.m */,
				F5A0DE86107D31A800A7F5E8 /* BasePicture.h */,
				F5A0DE87107D31A800A7F5E8 /* BasePicture.m */,
			);
			name = Items;
			sourceTree = "<group>";
		};
		F51D63B4106A48A300D61750 /* TUIO */ = {
			isa = PBXGroup;
			children = (
				F51D63B5106A48BC00D61750 /* TuioClient.cpp */,
				F51D63B6106A48BC00D61750 /* TuioClient.h */,
				F51D63B7106A48BC00D61750 /* TuioContainer.h */,
				F51D63B8106A48BC00D61750 /* TuioCursor.h */,
				F51D63B9106A48BC00D61750 /* TuioListener.h */,
				F51D63BA106A48BC00D61750 /* TuioObject.h */,
				F51D63BB106A48BC00D61750 /* TuioPoint.h */,
				F51D63BC106A48BC00D61750 /* TuioServer.cpp */,
				F51D63BD106A48BC00D61750 /* TuioServer.h */,
				F51D63BE106A48BC00D61750 /* TuioTime.cpp */,
				F51D63BF106A48BC00D61750 /* TuioTime.h */,
			);
			name = TUIO;
			sourceTree = "<group>";
		};
		F51D63C4106A48C700D61750 /* OSC */ = {
			isa = PBXGroup;
			children = (
				F51D63C5106A48D900D61750 /* MessageMappingOscPacketListener.h */,
				F51D63C6106A48D900D61750 /* OscException.h */,
				F51D63C7106A48D900D61750 /* OscHostEndianness.h */,
				F51D63C8106A48D900D61750 /* OscOutboundPacketStream.cpp */,
				F51D63C9106A48D900D61750 /* OscOutboundPacketStream.h */,
				F51D63CA106A48D900D61750 /* OscPacketListener.h */,
				F51D63CB106A48D900D61750 /* OscPrintReceivedElements.cpp */,
				F51D63CC106A48D900D61750 /* OscPrintReceivedElements.h */,
				F51D63CD106A48D900D61750 /* OscReceivedElements.cpp */,
				F51D63CE106A48D900D61750 /* OscReceivedElements.h */,
				F51D63CF106A48D900D61750 /* OscTypes.cpp */,
				F51D63D0106A48D900D61750 /* OscTypes.h */,
			);
			name = OSC;
			sourceTree = "<group>";
		};
		F51D63D5106A48DB00D61750 /* IP */ = {
			isa = PBXGroup;
			children = (
				F51D63DE106A490200D61750 /* posix */,
				F51D63D6106A48EE00D61750 /* IpEndpointName.cpp */,
				F51D63D7106A48EE00D61750 /* IpEndpointName.h */,
				F51D63D8106A48EE00D61750 /* NetworkingUtils.h */,
				F51D63D9106A48EE00D61750 /* PacketListener.h */,
				F51D63DA106A48EE00D61750 /* TimerListener.h */,
				F51D63DB106A48EE00D61750 /* UdpSocket.h */,
			);
			name = IP;
			sourceTree = "<group>";
		};
		F51D63DE106A490200D61750 /* posix */ = {
			isa = PBXGroup;
			children = (
				F51D63DF106A491300D61750 /* NetworkingUtils.cpp */,
				F51D63E0106A491300D61750 /* UdpSocket.cpp */,
			);
			name = posix;
			sourceTree = "<group>";
		};
		F53CE955101F2B9A00BAE343 /* Protocols */ = {
			isa = PBXGroup;
			children = (
				F53CA649101DFAB200C55747 /* EffectProviderProtocol.h */,
				F52B105410524ABF005807E4 /* ProximitySensorProtocol.h */,
				F5F49204106CDEB60082D81B /* Physics.h */,
				F5A0DEA2107D352700A7F5E8 /* BasePictureProtocol.h */,
			);
			name = Protocols;
			sourceTree = "<group>";
		};
		F53CE956101F2BAC00BAE343 /* Physics */ = {
			isa = PBXGroup;
			children = (
				F5A5E685101CFE3000886EAD /* btPhysics.h */,
				F5A5E686101CFE3000886EAD /* btPhysics.mm */,
				2672CB041042DF27008D2134 /* b2Physics.h */,
				2672CB051042DF27008D2134 /* b2Physics.mm */,
				F5F5A3D21047581800A83EE2 /* b2ContactDetector.h */,
				F5F5A3D31047581800A83EE2 /* b2ContactDetector.mm */,
			);
			name = Physics;
			sourceTree = "<group>";
		};
		F56198A71016705600B19EF5 /* Effects */ = {
			isa = PBXGroup;
			children = (
				F5EBF67310ADD87900892A56 /* TouchTrail.h */,
				F5EBF67410ADD87900892A56 /* TouchTrail.m */,
				F54994CF10A24A1C005F1C97 /* TouchSwap.h */,
				F54994D010A24A1C005F1C97 /* TouchSwap.mm */,
				F58DF39C1022FE5000C2ABE7 /* Stars.h */,
				F58DF39D1022FE5000C2ABE7 /* Stars.m */,
				F5608B801030D0D1009F9EBC /* Sparkles.h */,
				F5608B811030D0D1009F9EBC /* Sparkles.m */,
				F5FAB5431034B35800B4CCF4 /* SineConnect.h */,
				F5FAB5441034B35800B4CCF4 /* SineConnect.mm */,
				26DD076310514605003BD174 /* LineConnect.h */,
				26DD076410514605003BD174 /* LineConnect.mm */,
				F54E5629105E681B00462480 /* TextCircle.h */,
				F54E562A105E681B00462480 /* TextCircle.mm */,
				F56EC0821078F1CA00CD0DF3 /* Ripples.h */,
				F56EC0831078F1CA00CD0DF3 /* Ripples.m */,
				F5F00B43108FFD8E009D7FBB /* InteractiveImages.h */,
				F5F00B44108FFD8E009D7FBB /* InteractiveImages.mm */,
			);
			name = Effects;
			sourceTree = "<group>";
		};
		F585E1311017AE3000EDA260 /* Helpers */ = {
			isa = PBXGroup;
			children = (
				F5D105371092F5B0005F0970 /* Render.cpp */,
				F5D105381092F5B0005F0970 /* Render.h */,
				F50AAE9A108DC7A000B7470D /* Items */,
				F5A0DEC5107D380700A7F5E8 /* BaseEffects */,
				F58A805D100F07E800E6DD83 /* consts.h */,
				F537E8B1101E4BB400BFAE4D /* LiteTouchInfo.h */,
				F5608B881030D925009F9EBC /* SparklingFactory.h */,
				F5608B891030D925009F9EBC /* SparklingFactory.m */,
				2672CBF410430373008D2134 /* Logger.h */,
				2672CBF510430373008D2134 /* Logger.m */,
				F5435716104E5609004A914C /* TuioMultiplexor.h */,
				F5435717104E5609004A914C /* TuioMultiplexor.m */,
				F588D766105BB63400C02B35 /* Sparkle.h */,
				F588D767105BB63400C02B35 /* Sparkle.m */,
				F537A0F510610D6D0019A095 /* messages.h */,
				F51D638D106A445200D61750 /* TUIOppListener.h */,
				F51D638E106A445200D61750 /* TUIOppListener.mm */,
				F5C9AA04108F70180022BF0A /* ElasticValuator.h */,
				F5C9AA05108F70180022BF0A /* ElasticValuator.m */,
				F51B8F5410A3402E00D3F0C5 /* PointObj.h */,
				F51B8F5510A3402E00D3F0C5 /* PointObj.m */,
			);
			name = Helpers;
			sourceTree = "<group>";
		};
		F5A0DEC5107D380700A7F5E8 /* BaseEffects */ = {
			isa = PBXGroup;
			children = (
				F5E14BFA10ADF61100F0502D /* BaseTouchConnectionProvider.h */,
				F54994C210A21F18005F1C97 /* BaseTouchEffect.h */,
				F54994C310A21F18005F1C97 /* BaseTouchEffect.m */,
				F58A8049100F043500E6DD83 /* EffectProvider.mm */,
				F58A8048100F043500E6DD83 /* EffectProvider.h */,
				F5A0DEC6107D384300A7F5E8 /* PictureGallery.h */,
				F5A0DEC7107D384300A7F5E8 /* PictureGallery.m */,
			);
			name = BaseEffects;
			sourceTree = "<group>";
		};
/* End PBXGroup section */

/* Begin PBXNativeTarget section */
		8D1107260486CEB800E47090 /* Finger */ = {
			isa = PBXNativeTarget;
			buildConfigurationList = C01FCF4A08A954540054247B /* Build configuration list for PBXNativeTarget "Finger" */;
			buildPhases = (
				8D1107290486CEB800E47090 /* Resources */,
				8D11072C0486CEB800E47090 /* Sources */,
				8D11072E0486CEB800E47090 /* Frameworks */,
			);
			buildRules = (
			);
			dependencies = (
			);
			name = Finger;
			productInstallPath = "$(HOME)/Applications";
			productName = Finger;
			productReference = 8D1107320486CEB800E47090 /* Finger.app */;
			productType = "com.apple.product-type.application";
		};
/* End PBXNativeTarget section */

/* Begin PBXProject section */
		29B97313FDCFA39411CA2CEA /* Project object */ = {
			isa = PBXProject;
			attributes = {
				BuildIndependentTargetsInParallel = YES;
			};
			buildConfigurationList = C01FCF4E08A954540054247B /* Build configuration list for PBXProject "Finger" */;
			compatibilityVersion = "Xcode 3.1";
			hasScannedForEncodings = 1;
			mainGroup = 29B97314FDCFA39411CA2CEA /* Finger */;
			projectDirPath = "";
			projectRoot = "";
			targets = (
				8D1107260486CEB800E47090 /* Finger */,
			);
		};
/* End PBXProject section */

/* Begin PBXResourcesBuildPhase section */
		8D1107290486CEB800E47090 /* Resources */ = {
			isa = PBXResourcesBuildPhase;
			buildActionMask = 2147483647;
			files = (
				8D11072B0486CEB800E47090 /* InfoPlist.strings in Resources */,
				F52B10EB10524F4F005807E4 /* MainMenu.xib in Resources */,
			);
			runOnlyForDeploymentPostprocessing = 0;
		};
/* End PBXResourcesBuildPhase section */

/* Begin PBXSourcesBuildPhase section */
		8D11072C0486CEB800E47090 /* Sources */ = {
			isa = PBXSourcesBuildPhase;
			buildActionMask = 2147483647;
			files = (
				8D11072D0486CEB800E47090 /* main.m in Sources */,
				F58F33AB100E5DB2004DE697 /* MyOpenGlView.m in Sources */,
				F58A804A100F043500E6DD83 /* EffectProvider.mm in Sources */,
				F58A804F100F057F00E6DD83 /* TouchEvent.m in Sources */,
				F5A5E687101CFE3000886EAD /* btPhysics.mm in Sources */,
				F58DF39E1022FE5000C2ABE7 /* Stars.m in Sources */,
				F5AFE003102856BD00490E97 /* TargettingInteractor.m in Sources */,
				F5608B821030D0D1009F9EBC /* Sparkles.m in Sources */,
				F5608B8A1030D925009F9EBC /* SparklingFactory.m in Sources */,
				F5FAB5451034B35800B4CCF4 /* SineConnect.mm in Sources */,
				2672CB061042DF27008D2134 /* b2Physics.mm in Sources */,
				2672CB261042F47F008D2134 /* InteractiveObject.m in Sources */,
				2672CBF610430373008D2134 /* Logger.m in Sources */,
				F5F5A3D41047581800A83EE2 /* b2ContactDetector.mm in Sources */,
				F5435718104E5609004A914C /* TuioMultiplexor.m in Sources */,
				26DD076510514605003BD174 /* LineConnect.mm in Sources */,
				F588D768105BB63400C02B35 /* Sparkle.m in Sources */,
				F54E562B105E681B00462480 /* TextCircle.mm in Sources */,
				F5DDC51B1065648000D81BB0 /* LabeledInteractor.m in Sources */,
				F51D638F106A445200D61750 /* TUIOppListener.mm in Sources */,
				F51D63C0106A48BC00D61750 /* TuioClient.cpp in Sources */,
				F51D63C1106A48BC00D61750 /* TuioServer.cpp in Sources */,
				F51D63C2106A48BC00D61750 /* TuioTime.cpp in Sources */,
				F51D63D1106A48D900D61750 /* OscOutboundPacketStream.cpp in Sources */,
				F51D63D2106A48D900D61750 /* OscPrintReceivedElements.cpp in Sources */,
				F51D63D3106A48D900D61750 /* OscReceivedElements.cpp in Sources */,
				F51D63D4106A48D900D61750 /* OscTypes.cpp in Sources */,
				F51D63DC106A48EE00D61750 /* IpEndpointName.cpp in Sources */,
				F51D63E1106A491300D61750 /* NetworkingUtils.cpp in Sources */,
				F51D63E2106A491300D61750 /* UdpSocket.cpp in Sources */,
				F56EC0841078F1CA00CD0DF3 /* Ripples.m in Sources */,
				F51D4FC710791F2500069EC0 /* ClusteredInteractor.m in Sources */,
				F5A0DE88107D31A800A7F5E8 /* BasePicture.m in Sources */,
				F5A0DEC8107D384300A7F5E8 /* PictureGallery.m in Sources */,
				F5C9AA06108F70180022BF0A /* ElasticValuator.m in Sources */,
				F5F00B45108FFD8E009D7FBB /* InteractiveImages.mm in Sources */,
				F5D105391092F5B0005F0970 /* Render.cpp in Sources */,
				F54994C410A21F18005F1C97 /* BaseTouchEffect.m in Sources */,
				F54994D110A24A1C005F1C97 /* TouchSwap.mm in Sources */,
				F51B8F5610A3402E00D3F0C5 /* PointObj.m in Sources */,
				F5EBF67510ADD87900892A56 /* TouchTrail.m in Sources */,
			);
			runOnlyForDeploymentPostprocessing = 0;
		};
/* End PBXSourcesBuildPhase section */

/* Begin PBXVariantGroup section */
		089C165CFE840E0CC02AAC07 /* InfoPlist.strings */ = {
			isa = PBXVariantGroup;
			children = (
				089C165DFE840E0CC02AAC07 /* English */,
			);
			name = InfoPlist.strings;
			sourceTree = "<group>";
		};
		F52B10E910524F4F005807E4 /* MainMenu.xib */ = {
			isa = PBXVariantGroup;
			children = (
				F52B10EA10524F4F005807E4 /* English */,
			);
			name = MainMenu.xib;
			sourceTree = "<group>";
		};
/* End PBXVariantGroup section */

/* Begin XCBuildConfiguration section */
		C01FCF4B08A954540054247B /* Debug */ = {
			isa = XCBuildConfiguration;
			buildSettings = {
				ALWAYS_SEARCH_USER_PATHS = NO;
				ARCHS = "$(ARCHS_STANDARD_32_64_BIT)";
				COPY_PHASE_STRIP = NO;
				ENABLE_OPENMP_SUPPORT = YES;
				FRAMEWORK_SEARCH_PATHS = (
					"$(inherited)",
					"\"$(SRCROOT)/../tuioframework-read-only/build/Debug\"",
					"\"$(SRCROOT)/../bullet-2.75-rc6/src/BulletDynamics\"",
					"\"$(SRCROOT)/../bullet-2.75-rc6/src/BulletCollision\"",
					"\"$(SRCROOT)/../bullet-2.75-rc6/src/LinearMath\"",
					"\"$(SRCROOT)/../bullet-2.75-rc7/src/BulletCollision\"",
					"\"$(SRCROOT)/../bullet-2.75-rc7/src/BulletDynamics\"",
					"\"$(SRCROOT)/../bullet-2.75-rc7/src/LinearMath\"",
					"\"$(SRCROOT)/../bullet-2.75-rc7/src/BulletCollision/Release\"",
					"\"$(SRCROOT)/../bullet-2.75-rc7/src/BulletDynamics/Release\"",
					"\"$(SRCROOT)/..\"",
				);
				GCC_DYNAMIC_NO_PIC = NO;
				GCC_ENABLE_FIX_AND_CONTINUE = YES;
				GCC_MODEL_TUNING = G5;
				GCC_OPTIMIZATION_LEVEL = 2;
				GCC_PRECOMPILE_PREFIX_HEADER = YES;
				GCC_PREFIX_HEADER = Finger_Prefix.pch;
				GENERATE_PROFILING_CODE = YES;
				INFOPLIST_FILE = "Finger-Info.plist";
				INSTALL_PATH = "$(HOME)/Applications";
				LIBRARY_SEARCH_PATHS = (
					"$(inherited)",
					"\"$(SRCROOT)/physics\"",
				);
				PRODUCT_NAME = Finger;
			};
			name = Debug;
		};
		C01FCF4C08A954540054247B /* Release */ = {
			isa = XCBuildConfiguration;
			buildSettings = {
				ALWAYS_SEARCH_USER_PATHS = NO;
				DEBUG_INFORMATION_FORMAT = "dwarf-with-dsym";
				FRAMEWORK_SEARCH_PATHS = (
					"$(inherited)",
					"\"$(SRCROOT)/../tuioframework-read-only/build/Debug\"",
					"\"$(SRCROOT)/../bullet-2.75-rc6/src/BulletDynamics\"",
					"\"$(SRCROOT)/../bullet-2.75-rc6/src/BulletCollision\"",
					"\"$(SRCROOT)/../bullet-2.75-rc6/src/LinearMath\"",
					"\"$(SRCROOT)/../bullet-2.75-rc7/src/BulletCollision\"",
					"\"$(SRCROOT)/../bullet-2.75-rc7/src/BulletDynamics\"",
					"\"$(SRCROOT)/../bullet-2.75-rc7/src/LinearMath\"",
					"\"$(SRCROOT)/../bullet-2.75-rc7/src/BulletCollision/Release\"",
					"\"$(SRCROOT)/../bullet-2.75-rc7/src/BulletDynamics/Release\"",
					"\"$(SRCROOT)/..\"",
				);
				GCC_MODEL_TUNING = G5;
				GCC_PRECOMPILE_PREFIX_HEADER = YES;
				GCC_PREFIX_HEADER = Finger_Prefix.pch;
				INFOPLIST_FILE = "Finger-Info.plist";
				INSTALL_PATH = "$(HOME)/Applications";
				LIBRARY_SEARCH_PATHS = (
					"$(inherited)",
					"\"$(SRCROOT)/physics\"",
				);
				PRODUCT_NAME = Finger;
			};
			name = Release;
		};
		C01FCF4F08A954540054247B /* Debug */ = {
			isa = XCBuildConfiguration;
			buildSettings = {
				ARCHS = "$(ARCHS_STANDARD_32_64_BIT)";
				GCC_AUTO_VECTORIZATION = YES;
				GCC_C_LANGUAGE_STANDARD = gnu99;
				GCC_ENABLE_KERNEL_DEVELOPMENT = NO;
				GCC_ENABLE_OBJC_GC = supported;
				GCC_ENABLE_SSE3_EXTENSIONS = YES;
				GCC_ENABLE_SSE41_EXTENSIONS = YES;
				GCC_ENABLE_SSE42_EXTENSIONS = YES;
				GCC_ENABLE_SUPPLEMENTAL_SSE3_INSTRUCTIONS = YES;
				GCC_FAST_MATH = NO;
				GCC_MODEL_PPC64 = YES;
				GCC_OBJC_CALL_CXX_CDTORS = YES;
				GCC_OPTIMIZATION_LEVEL = 2;
				GCC_SYMBOLS_PRIVATE_EXTERN = YES;
				GCC_UNROLL_LOOPS = YES;
				GCC_USE_REGISTER_FUNCTION_CALLS = NO;
				GCC_VERSION = 4.2;
				GCC_WARN_ABOUT_MISSING_PROTOTYPES = YES;
				GCC_WARN_ABOUT_RETURN_TYPE = YES;
				GCC_WARN_MISSING_PARENTHESES = NO;
				GCC_WARN_UNUSED_VARIABLE = YES;
				HEADER_SEARCH_PATHS = (
					"/usr/local/include/**",
					"/opt/local/include/**",
				);
				LIBRARY_SEARCH_PATHS = (
					/usr/local/lib,
					/opt/local/lib,
				);
				LLVM_LTO = YES;
				ONLY_ACTIVE_ARCH = YES;
				OTHER_LDFLAGS = (
					"-lpng",
					"-lfreetype",
					"-lftgl",
				);
				PREBINDING = NO;
				RUN_CLANG_STATIC_ANALYZER = YES;
				SDKROOT = macosx10.5;
				VALID_ARCHS = "i386 x86_64";
			};
			name = Debug;
		};
		C01FCF5008A954540054247B /* Release */ = {
			isa = XCBuildConfiguration;
			buildSettings = {
				ARCHS = "$(ARCHS_STANDARD_32_64_BIT)";
				GCC_AUTO_VECTORIZATION = NO;
				GCC_C_LANGUAGE_STANDARD = gnu99;
				GCC_ENABLE_OBJC_GC = supported;
				GCC_ENABLE_SSE3_EXTENSIONS = YES;
				GCC_ENABLE_SSE41_EXTENSIONS = YES;
				GCC_ENABLE_SSE42_EXTENSIONS = YES;
				GCC_ENABLE_SUPPLEMENTAL_SSE3_INSTRUCTIONS = YES;
				GCC_FAST_MATH = NO;
				GCC_MODEL_PPC64 = NO;
				GCC_MODEL_TUNING = "";
				GCC_OBJC_CALL_CXX_CDTORS = YES;
				GCC_OPTIMIZATION_LEVEL = 0;
				GCC_SYMBOLS_PRIVATE_EXTERN = YES;
				GCC_UNROLL_LOOPS = YES;
				GCC_VERSION = 4.2;
				GCC_WARN_ABOUT_MISSING_PROTOTYPES = YES;
				GCC_WARN_ABOUT_RETURN_TYPE = YES;
				GCC_WARN_UNUSED_VARIABLE = YES;
				HEADER_SEARCH_PATHS = (
					"/opt/local/include/**",
					"/usr/local/include/**",
				);
				LIBRARY_SEARCH_PATHS = (
					"/usr/local/lib/**",
					"/opt/local/lib/**",
				);
				ONLY_ACTIVE_ARCH = YES;
				OTHER_LDFLAGS = (
					"-lpng",
					"-lfreetype",
					"-lftgl",
				);
				PREBINDING = NO;
				SDKROOT = macosx10.5;
				VALID_ARCHS = "i386 x86_64";
			};
			name = Release;
		};
/* End XCBuildConfiguration section */

/* Begin XCConfigurationList section */
		C01FCF4A08A954540054247B /* Build configuration list for PBXNativeTarget "Finger" */ = {
			isa = XCConfigurationList;
			buildConfigurations = (
				C01FCF4B08A954540054247B /* Debug */,
				C01FCF4C08A954540054247B /* Release */,
			);
			defaultConfigurationIsVisible = 0;
			defaultConfigurationName = Release;
		};
		C01FCF4E08A954540054247B /* Build configuration list for PBXProject "Finger" */ = {
			isa = XCConfigurationList;
			buildConfigurations = (
				C01FCF4F08A954540054247B /* Debug */,
				C01FCF5008A954540054247B /* Release */,
			);
			defaultConfigurationIsVisible = 0;
			defaultConfigurationName = Release;
		};
/* End XCConfigurationList section */
	};
	rootObject = 29B97313FDCFA39411CA2CEA /* Project object */;
}
