// !$*UTF8*$!
{
	archiveVersion = 1;
	classes = {
	};
	objectVersion = 45;
	objects = {

/* Begin PBXBuildFile section */
		2672CB061042DF27008D2134 /* b2Physics.mm in Sources */ = {isa = PBXBuildFile; fileRef = 2672CB051042DF27008D2134 /* b2Physics.mm */; };
		2672CB261042F47F008D2134 /* InteractiveObject.m in Sources */ = {isa = PBXBuildFile; fileRef = 2672CB251042F47F008D2134 /* InteractiveObject.m */; };
		2672CBF610430373008D2134 /* Logger.m in Sources */ = {isa = PBXBuildFile; fileRef = 2672CBF510430373008D2134 /* Logger.m */; };
		26DD076510514605003BD174 /* LineConnect.mm in Sources */ = {isa = PBXBuildFile; fileRef = 26DD076410514605003BD174 /* LineConnect.mm */; };
		8D11072B0486CEB800E47090 /* InfoPlist.strings in Resources */ = {isa = PBXBuildFile; fileRef = 089C165CFE840E0CC02AAC07 /* InfoPlist.strings */; };
		8D11072D0486CEB800E47090 /* main.m in Sources */ = {isa = PBXBuildFile; fileRef = 29B97316FDCFA39411CA2CEA /* main.m */; settings = {ATTRIBUTES = (); }; };
		8D11072F0486CEB800E47090 /* Cocoa.framework in Frameworks */ = {isa = PBXBuildFile; fileRef = 1058C7A1FEA54F0111CA2CBB /* Cocoa.framework */; };
		F50DB3F7100E17D20048A89C /* OpenGL.framework in Frameworks */ = {isa = PBXBuildFile; fileRef = F50DB3F6100E17D20048A89C /* OpenGL.framework */; };
		F52374D61046E2240070884C /* BulletCollision.framework in Frameworks */ = {isa = PBXBuildFile; fileRef = F52374D51046E2240070884C /* BulletCollision.framework */; };
		F52374DA1046E22C0070884C /* BulletDynamics.framework in Frameworks */ = {isa = PBXBuildFile; fileRef = F52374D91046E22C0070884C /* BulletDynamics.framework */; };
		F52374DE1046E2340070884C /* LinearMath.framework in Frameworks */ = {isa = PBXBuildFile; fileRef = F52374DD1046E2340070884C /* LinearMath.framework */; };
		F52374E21046E2400070884C /* TUIO.framework in Frameworks */ = {isa = PBXBuildFile; fileRef = F52374E11046E2400070884C /* TUIO.framework */; };
		F52B10EB10524F4F005807E4 /* MainMenu.xib in Resources */ = {isa = PBXBuildFile; fileRef = F52B10E910524F4F005807E4 /* MainMenu.xib */; };
		F537E997101E6DF800BFAE4D /* SparklesPhysics.mm in Sources */ = {isa = PBXBuildFile; fileRef = F537E996101E6DF800BFAE4D /* SparklesPhysics.mm */; };
		F5435718104E5609004A914C /* TuioMultiplexor.m in Sources */ = {isa = PBXBuildFile; fileRef = F5435717104E5609004A914C /* TuioMultiplexor.m */; };
		F54E562B105E681B00462480 /* TextCircle.mm in Sources */ = {isa = PBXBuildFile; fileRef = F54E562A105E681B00462480 /* TextCircle.mm */; };
		F5608B821030D0D1009F9EBC /* Sparkles.m in Sources */ = {isa = PBXBuildFile; fileRef = F5608B811030D0D1009F9EBC /* Sparkles.m */; };
		F5608B8A1030D925009F9EBC /* SparklingFactory.m in Sources */ = {isa = PBXBuildFile; fileRef = F5608B891030D925009F9EBC /* SparklingFactory.m */; };
		F56196561015EC1600B19EF5 /* TuioListener.m in Sources */ = {isa = PBXBuildFile; fileRef = F56196551015EC1600B19EF5 /* TuioListener.m */; };
		F588D768105BB63400C02B35 /* Sparkle.m in Sources */ = {isa = PBXBuildFile; fileRef = F588D767105BB63400C02B35 /* Sparkle.m */; };
		F58A804A100F043500E6DD83 /* EffectProvider.m in Sources */ = {isa = PBXBuildFile; fileRef = F58A8049100F043500E6DD83 /* EffectProvider.m */; };
		F58A804F100F057F00E6DD83 /* TouchEvent.m in Sources */ = {isa = PBXBuildFile; fileRef = F58A804E100F057F00E6DD83 /* TouchEvent.m */; };
		F58DF39E1022FE5000C2ABE7 /* Ripples.m in Sources */ = {isa = PBXBuildFile; fileRef = F58DF39D1022FE5000C2ABE7 /* Ripples.m */; };
		F58F33AB100E5DB2004DE697 /* MyOpenGlView.m in Sources */ = {isa = PBXBuildFile; fileRef = F58F33AA100E5DB2004DE697 /* MyOpenGlView.m */; };
		F592D69C102C287400A2A1BD /* ObjGhost.mm in Sources */ = {isa = PBXBuildFile; fileRef = F592D69B102C287400A2A1BD /* ObjGhost.mm */; };
		F5A5E687101CFE3000886EAD /* btPhysics.mm in Sources */ = {isa = PBXBuildFile; fileRef = F5A5E686101CFE3000886EAD /* btPhysics.mm */; };
		F5AFE003102856BD00490E97 /* TargettingInteractor.m in Sources */ = {isa = PBXBuildFile; fileRef = F5AFE002102856BD00490E97 /* TargettingInteractor.m */; };
		F5DDC51B1065648000D81BB0 /* LabeledInteractor.m in Sources */ = {isa = PBXBuildFile; fileRef = F5DDC51A1065648000D81BB0 /* LabeledInteractor.m */; };
		F5F5A36F1047581800A83EE2 /* libBox2D.dylib in Frameworks */ = {isa = PBXBuildFile; fileRef = F5F5A36E1047581800A83EE2 /* libBox2D.dylib */; };
		F5F5A3D41047581800A83EE2 /* b2ContactDetector.mm in Sources */ = {isa = PBXBuildFile; fileRef = F5F5A3D31047581800A83EE2 /* b2ContactDetector.mm */; };
		F5FAB5451034B35800B4CCF4 /* SineConnect.mm in Sources */ = {isa = PBXBuildFile; fileRef = F5FAB5441034B35800B4CCF4 /* SineConnect.mm */; };
/* End PBXBuildFile section */

/* Begin PBXFileReference section */
		089C165DFE840E0CC02AAC07 /* English */ = {isa = PBXFileReference; fileEncoding = 4; lastKnownFileType = text.plist.strings; name = English; path = English.lproj/InfoPlist.strings; sourceTree = "<group>"; };
		1058C7A1FEA54F0111CA2CBB /* Cocoa.framework */ = {isa = PBXFileReference; lastKnownFileType = wrapper.framework; name = Cocoa.framework; path = /System/Library/Frameworks/Cocoa.framework; sourceTree = "<absolute>"; };
		13E42FB307B3F0F600E4EEF1 /* CoreData.framework */ = {isa = PBXFileReference; lastKnownFileType = wrapper.framework; name = CoreData.framework; path = /System/Library/Frameworks/CoreData.framework; sourceTree = "<absolute>"; };
		256AC3F00F4B6AF500CF3369 /* Finger_Prefix.pch */ = {isa = PBXFileReference; fileEncoding = 4; lastKnownFileType = sourcecode.c.h; path = Finger_Prefix.pch; sourceTree = "<group>"; };
		2672CB041042DF27008D2134 /* b2Physics.h */ = {isa = PBXFileReference; fileEncoding = 4; lastKnownFileType = sourcecode.c.h; path = b2Physics.h; sourceTree = "<group>"; };
		2672CB051042DF27008D2134 /* b2Physics.mm */ = {isa = PBXFileReference; fileEncoding = 4; lastKnownFileType = sourcecode.cpp.objcpp; path = b2Physics.mm; sourceTree = "<group>"; };
		2672CB241042F47F008D2134 /* InteractiveObject.h */ = {isa = PBXFileReference; fileEncoding = 4; lastKnownFileType = sourcecode.c.h; path = InteractiveObject.h; sourceTree = "<group>"; };
		2672CB251042F47F008D2134 /* InteractiveObject.m */ = {isa = PBXFileReference; fileEncoding = 4; lastKnownFileType = sourcecode.c.objc; path = InteractiveObject.m; sourceTree = "<group>"; };
		2672CBF410430373008D2134 /* Logger.h */ = {isa = PBXFileReference; fileEncoding = 4; lastKnownFileType = sourcecode.c.h; path = Logger.h; sourceTree = "<group>"; };
		2672CBF510430373008D2134 /* Logger.m */ = {isa = PBXFileReference; fileEncoding = 4; lastKnownFileType = sourcecode.c.objc; path = Logger.m; sourceTree = "<group>"; };
		26DD076310514605003BD174 /* LineConnect.h */ = {isa = PBXFileReference; fileEncoding = 4; lastKnownFileType = sourcecode.c.h; path = LineConnect.h; sourceTree = "<group>"; };
		26DD076410514605003BD174 /* LineConnect.mm */ = {isa = PBXFileReference; fileEncoding = 4; lastKnownFileType = sourcecode.cpp.objcpp; path = LineConnect.mm; sourceTree = "<group>"; };
		29B97316FDCFA39411CA2CEA /* main.m */ = {isa = PBXFileReference; fileEncoding = 4; lastKnownFileType = sourcecode.c.objc; path = main.m; sourceTree = "<group>"; };
		29B97324FDCFA39411CA2CEA /* AppKit.framework */ = {isa = PBXFileReference; lastKnownFileType = wrapper.framework; name = AppKit.framework; path = /System/Library/Frameworks/AppKit.framework; sourceTree = "<absolute>"; };
		29B97325FDCFA39411CA2CEA /* Foundation.framework */ = {isa = PBXFileReference; lastKnownFileType = wrapper.framework; name = Foundation.framework; path = /System/Library/Frameworks/Foundation.framework; sourceTree = "<absolute>"; };
		8D1107310486CEB800E47090 /* Finger-Info.plist */ = {isa = PBXFileReference; fileEncoding = 4; lastKnownFileType = text.plist.xml; path = "Finger-Info.plist"; sourceTree = "<group>"; };
		8D1107320486CEB800E47090 /* Finger.app */ = {isa = PBXFileReference; explicitFileType = wrapper.application; includeInIndex = 0; path = Finger.app; sourceTree = BUILT_PRODUCTS_DIR; };
		F50DB3F6100E17D20048A89C /* OpenGL.framework */ = {isa = PBXFileReference; lastKnownFileType = wrapper.framework; name = OpenGL.framework; path = /System/Library/Frameworks/OpenGL.framework; sourceTree = "<absolute>"; };
		F52374D51046E2240070884C /* BulletCollision.framework */ = {isa = PBXFileReference; lastKnownFileType = wrapper.framework; name = BulletCollision.framework; path = "../bullet-2.75-rc7/src/BulletCollision/BulletCollision.framework"; sourceTree = SOURCE_ROOT; };
		F52374D91046E22C0070884C /* BulletDynamics.framework */ = {isa = PBXFileReference; lastKnownFileType = wrapper.framework; name = BulletDynamics.framework; path = "../bullet-2.75-rc7/src/BulletDynamics/BulletDynamics.framework"; sourceTree = SOURCE_ROOT; };
		F52374DD1046E2340070884C /* LinearMath.framework */ = {isa = PBXFileReference; lastKnownFileType = wrapper.framework; name = LinearMath.framework; path = "../bullet-2.75-rc7/src/LinearMath/LinearMath.framework"; sourceTree = SOURCE_ROOT; };
		F52374E11046E2400070884C /* TUIO.framework */ = {isa = PBXFileReference; lastKnownFileType = wrapper.framework; name = TUIO.framework; path = "../tuioframework-read-only/build/Debug/TUIO.framework"; sourceTree = SOURCE_ROOT; };
		F52B105410524ABF005807E4 /* ProximitySensorProtocol.h */ = {isa = PBXFileReference; fileEncoding = 4; lastKnownFileType = sourcecode.c.h; path = ProximitySensorProtocol.h; sourceTree = "<group>"; };
		F52B10EA10524F4F005807E4 /* English */ = {isa = PBXFileReference; lastKnownFileType = file.xib; name = English; path = English.lproj/MainMenu.xib; sourceTree = "<group>"; };
		F537A0F510610D6D0019A095 /* messages.h */ = {isa = PBXFileReference; fileEncoding = 4; lastKnownFileType = sourcecode.c.h; path = messages.h; sourceTree = "<group>"; };
		F537E8B1101E4BB400BFAE4D /* LiteTouchInfo.h */ = {isa = PBXFileReference; fileEncoding = 4; lastKnownFileType = sourcecode.c.h; path = LiteTouchInfo.h; sourceTree = "<group>"; };
		F537E995101E6DF800BFAE4D /* SparklesPhysics.h */ = {isa = PBXFileReference; fileEncoding = 4; lastKnownFileType = sourcecode.c.h; path = SparklesPhysics.h; sourceTree = "<group>"; };
		F537E996101E6DF800BFAE4D /* SparklesPhysics.mm */ = {isa = PBXFileReference; fileEncoding = 4; lastKnownFileType = sourcecode.cpp.objcpp; path = SparklesPhysics.mm; sourceTree = "<group>"; };
		F53CA649101DFAB200C55747 /* EffectProviderProtocol.h */ = {isa = PBXFileReference; fileEncoding = 4; lastKnownFileType = sourcecode.c.h; path = EffectProviderProtocol.h; sourceTree = "<group>"; };
		F5435716104E5609004A914C /* TuioMultiplexor.h */ = {isa = PBXFileReference; fileEncoding = 4; lastKnownFileType = sourcecode.c.h; path = TuioMultiplexor.h; sourceTree = "<group>"; };
		F5435717104E5609004A914C /* TuioMultiplexor.m */ = {isa = PBXFileReference; fileEncoding = 4; lastKnownFileType = sourcecode.c.objc; path = TuioMultiplexor.m; sourceTree = "<group>"; };
		F54E5629105E681B00462480 /* TextCircle.h */ = {isa = PBXFileReference; fileEncoding = 4; lastKnownFileType = sourcecode.c.h; path = TextCircle.h; sourceTree = "<group>"; };
		F54E562A105E681B00462480 /* TextCircle.mm */ = {isa = PBXFileReference; fileEncoding = 4; lastKnownFileType = sourcecode.cpp.objcpp; path = TextCircle.mm; sourceTree = "<group>"; };
		F5608B801030D0D1009F9EBC /* Sparkles.h */ = {isa = PBXFileReference; fileEncoding = 4; lastKnownFileType = sourcecode.c.h; path = Sparkles.h; sourceTree = "<group>"; };
		F5608B811030D0D1009F9EBC /* Sparkles.m */ = {isa = PBXFileReference; fileEncoding = 4; lastKnownFileType = sourcecode.c.objc; path = Sparkles.m; sourceTree = "<group>"; };
		F5608B881030D925009F9EBC /* SparklingFactory.h */ = {isa = PBXFileReference; fileEncoding = 4; lastKnownFileType = sourcecode.c.h; path = SparklingFactory.h; sourceTree = "<group>"; };
		F5608B891030D925009F9EBC /* SparklingFactory.m */ = {isa = PBXFileReference; fileEncoding = 4; lastKnownFileType = sourcecode.c.objc; path = SparklingFactory.m; sourceTree = "<group>"; };
		F56196541015EC1600B19EF5 /* TuioListener.h */ = {isa = PBXFileReference; fileEncoding = 4; lastKnownFileType = sourcecode.c.h; path = TuioListener.h; sourceTree = "<group>"; };
		F56196551015EC1600B19EF5 /* TuioListener.m */ = {isa = PBXFileReference; fileEncoding = 4; lastKnownFileType = sourcecode.c.objc; path = TuioListener.m; sourceTree = "<group>"; };
		F588D766105BB63400C02B35 /* Sparkle.h */ = {isa = PBXFileReference; fileEncoding = 4; lastKnownFileType = sourcecode.c.h; path = Sparkle.h; sourceTree = "<group>"; };
		F588D767105BB63400C02B35 /* Sparkle.m */ = {isa = PBXFileReference; fileEncoding = 4; lastKnownFileType = sourcecode.c.objc; path = Sparkle.m; sourceTree = "<group>"; };
		F58A8048100F043500E6DD83 /* EffectProvider.h */ = {isa = PBXFileReference; fileEncoding = 4; lastKnownFileType = sourcecode.c.h; path = EffectProvider.h; sourceTree = "<group>"; };
		F58A8049100F043500E6DD83 /* EffectProvider.m */ = {isa = PBXFileReference; fileEncoding = 4; lastKnownFileType = sourcecode.c.objc; path = EffectProvider.m; sourceTree = "<group>"; };
		F58A804D100F057F00E6DD83 /* TouchEvent.h */ = {isa = PBXFileReference; fileEncoding = 4; lastKnownFileType = sourcecode.c.h; path = TouchEvent.h; sourceTree = "<group>"; };
		F58A804E100F057F00E6DD83 /* TouchEvent.m */ = {isa = PBXFileReference; fileEncoding = 4; lastKnownFileType = sourcecode.c.objc; path = TouchEvent.m; sourceTree = "<group>"; };
		F58A805D100F07E800E6DD83 /* consts.h */ = {isa = PBXFileReference; fileEncoding = 4; lastKnownFileType = sourcecode.c.h; path = consts.h; sourceTree = "<group>"; };
		F58DF39C1022FE5000C2ABE7 /* Ripples.h */ = {isa = PBXFileReference; fileEncoding = 4; lastKnownFileType = sourcecode.c.h; path = Ripples.h; sourceTree = "<group>"; };
		F58DF39D1022FE5000C2ABE7 /* Ripples.m */ = {isa = PBXFileReference; fileEncoding = 4; lastKnownFileType = sourcecode.c.objc; path = Ripples.m; sourceTree = "<group>"; };
		F58F33A9100E5DB2004DE697 /* MyOpenGlView.h */ = {isa = PBXFileReference; fileEncoding = 4; lastKnownFileType = sourcecode.c.h; path = MyOpenGlView.h; sourceTree = "<group>"; };
		F58F33AA100E5DB2004DE697 /* MyOpenGlView.m */ = {isa = PBXFileReference; explicitFileType = sourcecode.c.objc; fileEncoding = 4; path = MyOpenGlView.m; sourceTree = "<group>"; };
		F592D69A102C287400A2A1BD /* ObjGhost.h */ = {isa = PBXFileReference; fileEncoding = 4; lastKnownFileType = sourcecode.c.h; path = ObjGhost.h; sourceTree = "<group>"; };
		F592D69B102C287400A2A1BD /* ObjGhost.mm */ = {isa = PBXFileReference; fileEncoding = 4; lastKnownFileType = sourcecode.cpp.objcpp; path = ObjGhost.mm; sourceTree = "<group>"; };
		F5A5E685101CFE3000886EAD /* btPhysics.h */ = {isa = PBXFileReference; explicitFileType = sourcecode.c.h; fileEncoding = 4; path = btPhysics.h; sourceTree = "<group>"; };
		F5A5E686101CFE3000886EAD /* btPhysics.mm */ = {isa = PBXFileReference; fileEncoding = 4; lastKnownFileType = sourcecode.cpp.objcpp; path = btPhysics.mm; sourceTree = "<group>"; };
		F5AFE001102856BD00490E97 /* TargettingInteractor.h */ = {isa = PBXFileReference; fileEncoding = 4; lastKnownFileType = sourcecode.c.h; path = TargettingInteractor.h; sourceTree = "<group>"; };
		F5AFE002102856BD00490E97 /* TargettingInteractor.m */ = {isa = PBXFileReference; fileEncoding = 4; lastKnownFileType = sourcecode.c.objc; path = TargettingInteractor.m; sourceTree = "<group>"; };
		F5DDC5191065648000D81BB0 /* LabeledInteractor.h */ = {isa = PBXFileReference; fileEncoding = 4; lastKnownFileType = sourcecode.c.h; path = LabeledInteractor.h; sourceTree = "<group>"; };
		F5DDC51A1065648000D81BB0 /* LabeledInteractor.m */ = {isa = PBXFileReference; fileEncoding = 4; lastKnownFileType = sourcecode.c.objc; path = LabeledInteractor.m; sourceTree = "<group>"; };
		F5F5A36E1047581800A83EE2 /* libBox2D.dylib */ = {isa = PBXFileReference; lastKnownFileType = "compiled.mach-o.dylib"; name = libBox2D.dylib; path = physics/libBox2D.dylib; sourceTree = "<group>"; };
		F5F5A3D21047581800A83EE2 /* b2ContactDetector.h */ = {isa = PBXFileReference; fileEncoding = 4; lastKnownFileType = sourcecode.c.h; path = b2ContactDetector.h; sourceTree = "<group>"; };
		F5F5A3D31047581800A83EE2 /* b2ContactDetector.mm */ = {isa = PBXFileReference; fileEncoding = 4; lastKnownFileType = sourcecode.cpp.objcpp; path = b2ContactDetector.mm; sourceTree = "<group>"; };
		F5FAB5431034B35800B4CCF4 /* SineConnect.h */ = {isa = PBXFileReference; fileEncoding = 4; lastKnownFileType = sourcecode.c.h; path = SineConnect.h; sourceTree = "<group>"; };
		F5FAB5441034B35800B4CCF4 /* SineConnect.mm */ = {isa = PBXFileReference; fileEncoding = 4; lastKnownFileType = sourcecode.cpp.objcpp; path = SineConnect.mm; sourceTree = "<group>"; };
/* End PBXFileReference section */

/* Begin PBXFrameworksBuildPhase section */
		8D11072E0486CEB800E47090 /* Frameworks */ = {
			isa = PBXFrameworksBuildPhase;
			buildActionMask = 2147483647;
			files = (
				8D11072F0486CEB800E47090 /* Cocoa.framework in Frameworks */,
				F50DB3F7100E17D20048A89C /* OpenGL.framework in Frameworks */,
				F52374D61046E2240070884C /* BulletCollision.framework in Frameworks */,
				F52374DA1046E22C0070884C /* BulletDynamics.framework in Frameworks */,
				F52374DE1046E2340070884C /* LinearMath.framework in Frameworks */,
				F52374E21046E2400070884C /* TUIO.framework in Frameworks */,
				F5F5A36F1047581800A83EE2 /* libBox2D.dylib in Frameworks */,
			);
			runOnlyForDeploymentPostprocessing = 0;
		};
/* End PBXFrameworksBuildPhase section */

/* Begin PBXGroup section */
		080E96DDFE201D6D7F000001 /* Classes */ = {
			isa = PBXGroup;
			children = (
				F53CE956101F2BAC00BAE343 /* Physics */,
				F53CE955101F2B9A00BAE343 /* Protocols */,
				F585E1311017AE3000EDA260 /* Helpers */,
				F56198A71016705600B19EF5 /* Effects */,
				F58A804D100F057F00E6DD83 /* TouchEvent.h */,
				F58A804E100F057F00E6DD83 /* TouchEvent.m */,
				F58F33A9100E5DB2004DE697 /* MyOpenGlView.h */,
				F58F33AA100E5DB2004DE697 /* MyOpenGlView.m */,
			);
			name = Classes;
			sourceTree = "<group>";
		};
		1058C7A0FEA54F0111CA2CBB /* Linked Frameworks */ = {
			isa = PBXGroup;
			children = (
				F52374E11046E2400070884C /* TUIO.framework */,
				F52374DD1046E2340070884C /* LinearMath.framework */,
				F52374D91046E22C0070884C /* BulletDynamics.framework */,
				F52374D51046E2240070884C /* BulletCollision.framework */,
				F50DB3F6100E17D20048A89C /* OpenGL.framework */,
				1058C7A1FEA54F0111CA2CBB /* Cocoa.framework */,
			);
			name = "Linked Frameworks";
			sourceTree = "<group>";
		};
		1058C7A2FEA54F0111CA2CBB /* Other Frameworks */ = {
			isa = PBXGroup;
			children = (
				29B97324FDCFA39411CA2CEA /* AppKit.framework */,
				13E42FB307B3F0F600E4EEF1 /* CoreData.framework */,
				29B97325FDCFA39411CA2CEA /* Foundation.framework */,
			);
			name = "Other Frameworks";
			sourceTree = "<group>";
		};
		19C28FACFE9D520D11CA2CBB /* Products */ = {
			isa = PBXGroup;
			children = (
				8D1107320486CEB800E47090 /* Finger.app */,
			);
			name = Products;
			sourceTree = "<group>";
		};
		29B97314FDCFA39411CA2CEA /* Finger */ = {
			isa = PBXGroup;
			children = (
				080E96DDFE201D6D7F000001 /* Classes */,
				29B97315FDCFA39411CA2CEA /* Other Sources */,
				29B97317FDCFA39411CA2CEA /* Resources */,
				29B97323FDCFA39411CA2CEA /* Frameworks */,
				19C28FACFE9D520D11CA2CBB /* Products */,
			);
			name = Finger;
			sourceTree = "<group>";
		};
		29B97315FDCFA39411CA2CEA /* Other Sources */ = {
			isa = PBXGroup;
			children = (
				F52B10E910524F4F005807E4 /* MainMenu.xib */,
				256AC3F00F4B6AF500CF3369 /* Finger_Prefix.pch */,
				29B97316FDCFA39411CA2CEA /* main.m */,
			);
			name = "Other Sources";
			sourceTree = "<group>";
		};
		29B97317FDCFA39411CA2CEA /* Resources */ = {
			isa = PBXGroup;
			children = (
				8D1107310486CEB800E47090 /* Finger-Info.plist */,
				089C165CFE840E0CC02AAC07 /* InfoPlist.strings */,
			);
			name = Resources;
			sourceTree = "<group>";
		};
		29B97323FDCFA39411CA2CEA /* Frameworks */ = {
			isa = PBXGroup;
			children = (
				F5F5A36E1047581800A83EE2 /* libBox2D.dylib */,
				1058C7A0FEA54F0111CA2CBB /* Linked Frameworks */,
				1058C7A2FEA54F0111CA2CBB /* Other Frameworks */,
			);
			name = Frameworks;
			sourceTree = "<group>";
		};
		F53CE955101F2B9A00BAE343 /* Protocols */ = {
			isa = PBXGroup;
			children = (
				F53CA649101DFAB200C55747 /* EffectProviderProtocol.h */,
				F52B105410524ABF005807E4 /* ProximitySensorProtocol.h */,
			);
			name = Protocols;
			sourceTree = "<group>";
		};
		F53CE956101F2BAC00BAE343 /* Physics */ = {
			isa = PBXGroup;
			children = (
				F5A5E685101CFE3000886EAD /* btPhysics.h */,
				F5A5E686101CFE3000886EAD /* btPhysics.mm */,
				F537E995101E6DF800BFAE4D /* SparklesPhysics.h */,
				F537E996101E6DF800BFAE4D /* SparklesPhysics.mm */,
				F592D69A102C287400A2A1BD /* ObjGhost.h */,
				F592D69B102C287400A2A1BD /* ObjGhost.mm */,
				2672CB041042DF27008D2134 /* b2Physics.h */,
				2672CB051042DF27008D2134 /* b2Physics.mm */,
				F5F5A3D21047581800A83EE2 /* b2ContactDetector.h */,
				F5F5A3D31047581800A83EE2 /* b2ContactDetector.mm */,
			);
			name = Physics;
			sourceTree = "<group>";
		};
		F56198A71016705600B19EF5 /* Effects */ = {
			isa = PBXGroup;
			children = (
				F58DF39C1022FE5000C2ABE7 /* Ripples.h */,
				F58DF39D1022FE5000C2ABE7 /* Ripples.m */,
				F58A8049100F043500E6DD83 /* EffectProvider.m */,
				F58A8048100F043500E6DD83 /* EffectProvider.h */,
				F5608B801030D0D1009F9EBC /* Sparkles.h */,
				F5608B811030D0D1009F9EBC /* Sparkles.m */,
				F5FAB5431034B35800B4CCF4 /* SineConnect.h */,
				F5FAB5441034B35800B4CCF4 /* SineConnect.mm */,
				26DD076310514605003BD174 /* LineConnect.h */,
				26DD076410514605003BD174 /* LineConnect.mm */,
				F54E5629105E681B00462480 /* TextCircle.h */,
				F54E562A105E681B00462480 /* TextCircle.mm */,
			);
			name = Effects;
			sourceTree = "<group>";
		};
		F585E1311017AE3000EDA260 /* Helpers */ = {
			isa = PBXGroup;
			children = (
				F58A805D100F07E800E6DD83 /* consts.h */,
				F56196541015EC1600B19EF5 /* TuioListener.h */,
				F56196551015EC1600B19EF5 /* TuioListener.m */,
				F537E8B1101E4BB400BFAE4D /* LiteTouchInfo.h */,
				F5AFE001102856BD00490E97 /* TargettingInteractor.h */,
				F5AFE002102856BD00490E97 /* TargettingInteractor.m */,
				F5608B881030D925009F9EBC /* SparklingFactory.h */,
				F5608B891030D925009F9EBC /* SparklingFactory.m */,
				2672CB241042F47F008D2134 /* InteractiveObject.h */,
				2672CB251042F47F008D2134 /* InteractiveObject.m */,
				2672CBF410430373008D2134 /* Logger.h */,
				2672CBF510430373008D2134 /* Logger.m */,
				F5435716104E5609004A914C /* TuioMultiplexor.h */,
				F5435717104E5609004A914C /* TuioMultiplexor.m */,
				F588D766105BB63400C02B35 /* Sparkle.h */,
				F588D767105BB63400C02B35 /* Sparkle.m */,
				F537A0F510610D6D0019A095 /* messages.h */,
				F5DDC5191065648000D81BB0 /* LabeledInteractor.h */,
				F5DDC51A1065648000D81BB0 /* LabeledInteractor.m */,
			);
			name = Helpers;
			sourceTree = "<group>";
		};
/* End PBXGroup section */

/* Begin PBXNativeTarget section */
		8D1107260486CEB800E47090 /* Finger */ = {
			isa = PBXNativeTarget;
			buildConfigurationList = C01FCF4A08A954540054247B /* Build configuration list for PBXNativeTarget "Finger" */;
			buildPhases = (
				8D1107290486CEB800E47090 /* Resources */,
				8D11072C0486CEB800E47090 /* Sources */,
				8D11072E0486CEB800E47090 /* Frameworks */,
			);
			buildRules = (
			);
			dependencies = (
			);
			name = Finger;
			productInstallPath = "$(HOME)/Applications";
			productName = Finger;
			productReference = 8D1107320486CEB800E47090 /* Finger.app */;
			productType = "com.apple.product-type.application";
		};
/* End PBXNativeTarget section */

/* Begin PBXProject section */
		29B97313FDCFA39411CA2CEA /* Project object */ = {
			isa = PBXProject;
			attributes = {
				BuildIndependentTargetsInParallel = YES;
			};
			buildConfigurationList = C01FCF4E08A954540054247B /* Build configuration list for PBXProject "Finger" */;
			compatibilityVersion = "Xcode 3.1";
			hasScannedForEncodings = 1;
			mainGroup = 29B97314FDCFA39411CA2CEA /* Finger */;
			projectDirPath = "";
			projectRoot = "";
			targets = (
				8D1107260486CEB800E47090 /* Finger */,
			);
		};
/* End PBXProject section */

/* Begin PBXResourcesBuildPhase section */
		8D1107290486CEB800E47090 /* Resources */ = {
			isa = PBXResourcesBuildPhase;
			buildActionMask = 2147483647;
			files = (
				8D11072B0486CEB800E47090 /* InfoPlist.strings in Resources */,
				F52B10EB10524F4F005807E4 /* MainMenu.xib in Resources */,
			);
			runOnlyForDeploymentPostprocessing = 0;
		};
/* End PBXResourcesBuildPhase section */

/* Begin PBXSourcesBuildPhase section */
		8D11072C0486CEB800E47090 /* Sources */ = {
			isa = PBXSourcesBuildPhase;
			buildActionMask = 2147483647;
			files = (
				8D11072D0486CEB800E47090 /* main.m in Sources */,
				F58F33AB100E5DB2004DE697 /* MyOpenGlView.m in Sources */,
				F58A804A100F043500E6DD83 /* EffectProvider.m in Sources */,
				F58A804F100F057F00E6DD83 /* TouchEvent.m in Sources */,
				F56196561015EC1600B19EF5 /* TuioListener.m in Sources */,
				F5A5E687101CFE3000886EAD /* btPhysics.mm in Sources */,
				F537E997101E6DF800BFAE4D /* SparklesPhysics.mm in Sources */,
				F58DF39E1022FE5000C2ABE7 /* Ripples.m in Sources */,
				F5AFE003102856BD00490E97 /* TargettingInteractor.m in Sources */,
				F592D69C102C287400A2A1BD /* ObjGhost.mm in Sources */,
				F5608B821030D0D1009F9EBC /* Sparkles.m in Sources */,
				F5608B8A1030D925009F9EBC /* SparklingFactory.m in Sources */,
				F5FAB5451034B35800B4CCF4 /* SineConnect.mm in Sources */,
				2672CB061042DF27008D2134 /* b2Physics.mm in Sources */,
				2672CB261042F47F008D2134 /* InteractiveObject.m in Sources */,
				2672CBF610430373008D2134 /* Logger.m in Sources */,
				F5F5A3D41047581800A83EE2 /* b2ContactDetector.mm in Sources */,
				F5435718104E5609004A914C /* TuioMultiplexor.m in Sources */,
				26DD076510514605003BD174 /* LineConnect.mm in Sources */,
				F588D768105BB63400C02B35 /* Sparkle.m in Sources */,
				F54E562B105E681B00462480 /* TextCircle.mm in Sources */,
				F5DDC51B1065648000D81BB0 /* LabeledInteractor.m in Sources */,
			);
			runOnlyForDeploymentPostprocessing = 0;
		};
/* End PBXSourcesBuildPhase section */

/* Begin PBXVariantGroup section */
		089C165CFE840E0CC02AAC07 /* InfoPlist.strings */ = {
			isa = PBXVariantGroup;
			children = (
				089C165DFE840E0CC02AAC07 /* English */,
			);
			name = InfoPlist.strings;
			sourceTree = "<group>";
		};
		F52B10E910524F4F005807E4 /* MainMenu.xib */ = {
			isa = PBXVariantGroup;
			children = (
				F52B10EA10524F4F005807E4 /* English */,
			);
			name = MainMenu.xib;
			sourceTree = "<group>";
		};
/* End PBXVariantGroup section */

/* Begin XCBuildConfiguration section */
		C01FCF4B08A954540054247B /* Debug */ = {
			isa = XCBuildConfiguration;
			buildSettings = {
				ALWAYS_SEARCH_USER_PATHS = NO;
				ARCHS = "$(ARCHS_STANDARD_32_64_BIT)";
				COPY_PHASE_STRIP = NO;
				ENABLE_OPENMP_SUPPORT = YES;
				FRAMEWORK_SEARCH_PATHS = (
					"$(inherited)",
					"\"$(SRCROOT)/../tuioframework-read-only/build/Debug\"",
					"\"$(SRCROOT)/../bullet-2.75-rc6/src/BulletDynamics\"",
					"\"$(SRCROOT)/../bullet-2.75-rc6/src/BulletCollision\"",
					"\"$(SRCROOT)/../bullet-2.75-rc6/src/LinearMath\"",
					"\"$(SRCROOT)/../bullet-2.75-rc7/src/BulletCollision\"",
					"\"$(SRCROOT)/../bullet-2.75-rc7/src/BulletDynamics\"",
					"\"$(SRCROOT)/../bullet-2.75-rc7/src/LinearMath\"",
					"\"$(SRCROOT)/../bullet-2.75-rc7/src/BulletCollision/Release\"",
					"\"$(SRCROOT)/../bullet-2.75-rc7/src/BulletDynamics/Release\"",
					"\"$(SRCROOT)/..\"",
				);
				GCC_DYNAMIC_NO_PIC = NO;
				GCC_ENABLE_FIX_AND_CONTINUE = YES;
				GCC_MODEL_TUNING = G5;
				GCC_OPTIMIZATION_LEVEL = 2;
				GCC_PRECOMPILE_PREFIX_HEADER = YES;
				GCC_PREFIX_HEADER = Finger_Prefix.pch;
				GENERATE_PROFILING_CODE = YES;
				INFOPLIST_FILE = "Finger-Info.plist";
				INSTALL_PATH = "$(HOME)/Applications";
				LIBRARY_SEARCH_PATHS = (
					"$(inherited)",
					"\"$(SRCROOT)/physics\"",
				);
				PRODUCT_NAME = Finger;
			};
			name = Debug;
		};
		C01FCF4C08A954540054247B /* Release */ = {
			isa = XCBuildConfiguration;
			buildSettings = {
				ALWAYS_SEARCH_USER_PATHS = NO;
				DEBUG_INFORMATION_FORMAT = "dwarf-with-dsym";
				FRAMEWORK_SEARCH_PATHS = (
					"$(inherited)",
					"\"$(SRCROOT)/../tuioframework-read-only/build/Debug\"",
					"\"$(SRCROOT)/../bullet-2.75-rc6/src/BulletDynamics\"",
					"\"$(SRCROOT)/../bullet-2.75-rc6/src/BulletCollision\"",
					"\"$(SRCROOT)/../bullet-2.75-rc6/src/LinearMath\"",
					"\"$(SRCROOT)/../bullet-2.75-rc7/src/BulletCollision\"",
					"\"$(SRCROOT)/../bullet-2.75-rc7/src/BulletDynamics\"",
					"\"$(SRCROOT)/../bullet-2.75-rc7/src/LinearMath\"",
					"\"$(SRCROOT)/../bullet-2.75-rc7/src/BulletCollision/Release\"",
					"\"$(SRCROOT)/../bullet-2.75-rc7/src/BulletDynamics/Release\"",
					"\"$(SRCROOT)/..\"",
				);
				GCC_MODEL_TUNING = G5;
				GCC_PRECOMPILE_PREFIX_HEADER = YES;
				GCC_PREFIX_HEADER = Finger_Prefix.pch;
				INFOPLIST_FILE = "Finger-Info.plist";
				INSTALL_PATH = "$(HOME)/Applications";
				LIBRARY_SEARCH_PATHS = (
					"$(inherited)",
					"\"$(SRCROOT)/physics\"",
				);
				PRODUCT_NAME = Finger;
			};
			name = Release;
		};
		C01FCF4F08A954540054247B /* Debug */ = {
			isa = XCBuildConfiguration;
			buildSettings = {
				ARCHS = "$(NATIVE_ARCH)";
				GCC_AUTO_VECTORIZATION = YES;
				GCC_C_LANGUAGE_STANDARD = gnu99;
				GCC_ENABLE_KERNEL_DEVELOPMENT = NO;
				GCC_ENABLE_OBJC_GC = required;
				GCC_ENABLE_SSE3_EXTENSIONS = YES;
				GCC_ENABLE_SSE41_EXTENSIONS = YES;
				GCC_ENABLE_SSE42_EXTENSIONS = YES;
				GCC_ENABLE_SUPPLEMENTAL_SSE3_INSTRUCTIONS = YES;
				GCC_FAST_MATH = YES;
				GCC_MODEL_PPC64 = YES;
				GCC_OBJC_CALL_CXX_CDTORS = YES;
				GCC_OPTIMIZATION_LEVEL = 2;
				GCC_SYMBOLS_PRIVATE_EXTERN = YES;
				GCC_UNROLL_LOOPS = YES;
				GCC_USE_REGISTER_FUNCTION_CALLS = NO;
				GCC_VERSION = 4.2;
				GCC_WARN_ABOUT_MISSING_PROTOTYPES = YES;
				GCC_WARN_ABOUT_RETURN_TYPE = YES;
				GCC_WARN_MISSING_PARENTHESES = NO;
				GCC_WARN_UNUSED_VARIABLE = YES;
				HEADER_SEARCH_PATHS = (
					"/usr/local/include/**",
					"/opt/local/include/**",
				);
				LIBRARY_SEARCH_PATHS = (
					/usr/local/lib,
					/opt/local/lib,
				);
				LLVM_LTO = YES;
				ONLY_ACTIVE_ARCH = YES;
				OTHER_LDFLAGS = (
					"-lfreetype",
					"-lftgl",
					"-lGLC",
				);
				PREBINDING = NO;
				RUN_CLANG_STATIC_ANALYZER = YES;
				SDKROOT = macosx10.5;
				VALID_ARCHS = "i386 x86_64";
			};
			name = Debug;
		};
		C01FCF5008A954540054247B /* Release */ = {
			isa = XCBuildConfiguration;
			buildSettings = {
				ARCHS = "$(NATIVE_ARCH)";
				GCC_AUTO_VECTORIZATION = YES;
				GCC_C_LANGUAGE_STANDARD = gnu99;
				GCC_ENABLE_OBJC_GC = required;
				GCC_ENABLE_SSE3_EXTENSIONS = YES;
				GCC_ENABLE_SSE41_EXTENSIONS = YES;
				GCC_ENABLE_SSE42_EXTENSIONS = YES;
				GCC_ENABLE_SUPPLEMENTAL_SSE3_INSTRUCTIONS = YES;
				GCC_FAST_MATH = NO;
				GCC_MODEL_PPC64 = NO;
				GCC_MODEL_TUNING = "";
				GCC_OPTIMIZATION_LEVEL = 2;
				GCC_UNROLL_LOOPS = YES;
				GCC_VERSION = 4.2;
				GCC_WARN_ABOUT_RETURN_TYPE = YES;
				GCC_WARN_UNUSED_VARIABLE = YES;
				ONLY_ACTIVE_ARCH = YES;
				PREBINDING = NO;
				SDKROOT = macosx10.5;
				VALID_ARCHS = "i386 x86_64";
			};
			name = Release;
		};
/* End XCBuildConfiguration section */

/* Begin XCConfigurationList section */
		C01FCF4A08A954540054247B /* Build configuration list for PBXNativeTarget "Finger" */ = {
			isa = XCConfigurationList;
			buildConfigurations = (
				C01FCF4B08A954540054247B /* Debug */,
				C01FCF4C08A954540054247B /* Release */,
			);
			defaultConfigurationIsVisible = 0;
			defaultConfigurationName = Release;
		};
		C01FCF4E08A954540054247B /* Build configuration list for PBXProject "Finger" */ = {
			isa = XCConfigurationList;
			buildConfigurations = (
				C01FCF4F08A954540054247B /* Debug */,
				C01FCF5008A954540054247B /* Release */,
			);
			defaultConfigurationIsVisible = 0;
			defaultConfigurationName = Release;
		};
/* End XCConfigurationList section */
	};
	rootObject = 29B97313FDCFA39411CA2CEA /* Project object */;
}
